// !$*UTF8*$!
{
	archiveVersion = 1;
	classes = {
	};
	objectVersion = 46;
	objects = {

/* Begin PBXAggregateTarget section */
		"NeedleFoundation::NeedleFoundationPackageTests::ProductTarget" /* NeedleFoundationPackageTests */ = {
			isa = PBXAggregateTarget;
			buildConfigurationList = OBJ_57 /* Build configuration list for PBXAggregateTarget "NeedleFoundationPackageTests" */;
			buildPhases = (
			);
			dependencies = (
				OBJ_60 /* PBXTargetDependency */,
				OBJ_62 /* PBXTargetDependency */,
			);
			name = NeedleFoundationPackageTests;
			productName = NeedleFoundationPackageTests;
		};
/* End PBXAggregateTarget section */

/* Begin PBXBuildFile section */
		OBJ_42 /* Bootstrap.swift in Sources */ = {isa = PBXBuildFile; fileRef = OBJ_9 /* Bootstrap.swift */; };
		OBJ_43 /* Component.swift in Sources */ = {isa = PBXBuildFile; fileRef = OBJ_10 /* Component.swift */; };
		OBJ_44 /* DependencyProviderRegistry.swift in Sources */ = {isa = PBXBuildFile; fileRef = OBJ_12 /* DependencyProviderRegistry.swift */; };
		OBJ_45 /* PluginExtensionProviderRegistry.swift in Sources */ = {isa = PBXBuildFile; fileRef = OBJ_15 /* PluginExtensionProviderRegistry.swift */; };
		OBJ_46 /* NonCoreComponent.swift in Sources */ = {isa = PBXBuildFile; fileRef = OBJ_16 /* NonCoreComponent.swift */; };
		OBJ_47 /* PluginizedComponent.swift in Sources */ = {isa = PBXBuildFile; fileRef = OBJ_17 /* PluginizedComponent.swift */; };
		OBJ_48 /* PluginizedScopeLifecycle.swift in Sources */ = {isa = PBXBuildFile; fileRef = OBJ_18 /* PluginizedScopeLifecycle.swift */; };
		OBJ_55 /* Package.swift in Sources */ = {isa = PBXBuildFile; fileRef = OBJ_6 /* Package.swift */; };
		OBJ_69 /* MockComponentPathBuilder.swift in Sources */ = {isa = PBXBuildFile; fileRef = OBJ_20 /* MockComponentPathBuilder.swift */; };
		OBJ_75 /* MockComponentPathBuilderTests.swift in Sources */ = {isa = PBXBuildFile; fileRef = OBJ_28 /* MockComponentPathBuilderTests.swift */; };
		OBJ_77 /* NeedleFoundationTest.framework in Frameworks */ = {isa = PBXBuildFile; fileRef = "NeedleFoundation::NeedleFoundationTest::Product" /* NeedleFoundationTest.framework */; };
		OBJ_83 /* ComponentTests.swift in Sources */ = {isa = PBXBuildFile; fileRef = OBJ_23 /* ComponentTests.swift */; };
		OBJ_84 /* DependencyProviderRegistryTests.swift in Sources */ = {isa = PBXBuildFile; fileRef = OBJ_24 /* DependencyProviderRegistryTests.swift */; };
		OBJ_85 /* PluginizedComponentTests.swift in Sources */ = {isa = PBXBuildFile; fileRef = OBJ_26 /* PluginizedComponentTests.swift */; };
		OBJ_87 /* NeedleFoundation.framework in Frameworks */ = {isa = PBXBuildFile; fileRef = "NeedleFoundation::NeedleFoundation::Product" /* NeedleFoundation.framework */; };
/* End PBXBuildFile section */

/* Begin PBXContainerItemProxy section */
		BCD469F9228F54C300368FC0 /* PBXContainerItemProxy */ = {
			isa = PBXContainerItemProxy;
			containerPortal = OBJ_1 /* Project object */;
			proxyType = 1;
			remoteGlobalIDString = "NeedleFoundation::NeedleFoundation";
			remoteInfo = NeedleFoundation;
		};
		BCD469FA228F54C400368FC0 /* PBXContainerItemProxy */ = {
			isa = PBXContainerItemProxy;
			containerPortal = OBJ_1 /* Project object */;
			proxyType = 1;
			remoteGlobalIDString = "NeedleFoundation::NeedleFoundationTest";
			remoteInfo = NeedleFoundationTest;
		};
		BCD469FB228F54C800368FC0 /* PBXContainerItemProxy */ = {
			isa = PBXContainerItemProxy;
			containerPortal = OBJ_1 /* Project object */;
			proxyType = 1;
			remoteGlobalIDString = "NeedleFoundation::NeedleFoundationTestTests";
			remoteInfo = NeedleFoundationTestTests;
		};
		BCD469FC228F54C800368FC0 /* PBXContainerItemProxy */ = {
			isa = PBXContainerItemProxy;
			containerPortal = OBJ_1 /* Project object */;
			proxyType = 1;
			remoteGlobalIDString = "NeedleFoundation::NeedleFoundationTests";
			remoteInfo = NeedleFoundationTests;
		};
		BCD469FD2293199800368FC0 /* PBXContainerItemProxy */ = {
			isa = PBXContainerItemProxy;
			containerPortal = OBJ_1 /* Project object */;
			proxyType = 1;
			remoteGlobalIDString = "NeedleFoundation::NeedleFoundation";
			remoteInfo = NeedleFoundation;
		};
/* End PBXContainerItemProxy section */

/* Begin PBXFileReference section */
		"NeedleFoundation::NeedleFoundation::Product" /* NeedleFoundation.framework */ = {isa = PBXFileReference; explicitFileType = wrapper.framework; path = NeedleFoundation.framework; sourceTree = BUILT_PRODUCTS_DIR; };
		"NeedleFoundation::NeedleFoundationTest::Product" /* NeedleFoundationTest.framework */ = {isa = PBXFileReference; lastKnownFileType = wrapper.framework; path = NeedleFoundationTest.framework; sourceTree = BUILT_PRODUCTS_DIR; };
		"NeedleFoundation::NeedleFoundationTestTests::Product" /* NeedleFoundationTestTests.xctest */ = {isa = PBXFileReference; lastKnownFileType = file; path = NeedleFoundationTestTests.xctest; sourceTree = BUILT_PRODUCTS_DIR; };
		"NeedleFoundation::NeedleFoundationTests::Product" /* NeedleFoundationTests.xctest */ = {isa = PBXFileReference; lastKnownFileType = file; path = NeedleFoundationTests.xctest; sourceTree = BUILT_PRODUCTS_DIR; };
		OBJ_10 /* Component.swift */ = {isa = PBXFileReference; lastKnownFileType = sourcecode.swift; path = Component.swift; sourceTree = "<group>"; };
		OBJ_12 /* DependencyProviderRegistry.swift */ = {isa = PBXFileReference; lastKnownFileType = sourcecode.swift; path = DependencyProviderRegistry.swift; sourceTree = "<group>"; };
		OBJ_15 /* PluginExtensionProviderRegistry.swift */ = {isa = PBXFileReference; lastKnownFileType = sourcecode.swift; path = PluginExtensionProviderRegistry.swift; sourceTree = "<group>"; };
		OBJ_16 /* NonCoreComponent.swift */ = {isa = PBXFileReference; lastKnownFileType = sourcecode.swift; path = NonCoreComponent.swift; sourceTree = "<group>"; };
		OBJ_17 /* PluginizedComponent.swift */ = {isa = PBXFileReference; lastKnownFileType = sourcecode.swift; path = PluginizedComponent.swift; sourceTree = "<group>"; };
		OBJ_18 /* PluginizedScopeLifecycle.swift */ = {isa = PBXFileReference; lastKnownFileType = sourcecode.swift; path = PluginizedScopeLifecycle.swift; sourceTree = "<group>"; };
		OBJ_20 /* MockComponentPathBuilder.swift */ = {isa = PBXFileReference; lastKnownFileType = sourcecode.swift; path = MockComponentPathBuilder.swift; sourceTree = "<group>"; };
		OBJ_23 /* ComponentTests.swift */ = {isa = PBXFileReference; lastKnownFileType = sourcecode.swift; path = ComponentTests.swift; sourceTree = "<group>"; };
		OBJ_24 /* DependencyProviderRegistryTests.swift */ = {isa = PBXFileReference; lastKnownFileType = sourcecode.swift; path = DependencyProviderRegistryTests.swift; sourceTree = "<group>"; };
		OBJ_26 /* PluginizedComponentTests.swift */ = {isa = PBXFileReference; lastKnownFileType = sourcecode.swift; path = PluginizedComponentTests.swift; sourceTree = "<group>"; };
		OBJ_28 /* MockComponentPathBuilderTests.swift */ = {isa = PBXFileReference; lastKnownFileType = sourcecode.swift; path = MockComponentPathBuilderTests.swift; sourceTree = "<group>"; };
		OBJ_29 /* Images */ = {isa = PBXFileReference; lastKnownFileType = folder; path = Images; sourceTree = SOURCE_ROOT; };
		OBJ_30 /* Generator */ = {isa = PBXFileReference; lastKnownFileType = folder; path = Generator; sourceTree = SOURCE_ROOT; };
		OBJ_31 /* Sample */ = {isa = PBXFileReference; lastKnownFileType = folder; path = Sample; sourceTree = SOURCE_ROOT; };
		OBJ_6 /* Package.swift */ = {isa = PBXFileReference; explicitFileType = sourcecode.swift; path = Package.swift; sourceTree = "<group>"; };
		OBJ_9 /* Bootstrap.swift */ = {isa = PBXFileReference; lastKnownFileType = sourcecode.swift; path = Bootstrap.swift; sourceTree = "<group>"; };
/* End PBXFileReference section */

/* Begin PBXFrameworksBuildPhase section */
		OBJ_49 /* Frameworks */ = {
			isa = PBXFrameworksBuildPhase;
			buildActionMask = 0;
			files = (
			);
			runOnlyForDeploymentPostprocessing = 0;
		};
		OBJ_70 /* Frameworks */ = {
			isa = PBXFrameworksBuildPhase;
			buildActionMask = 0;
			files = (
			);
			runOnlyForDeploymentPostprocessing = 0;
		};
		OBJ_76 /* Frameworks */ = {
			isa = PBXFrameworksBuildPhase;
			buildActionMask = 0;
			files = (
				OBJ_77 /* NeedleFoundationTest.framework in Frameworks */,
			);
			runOnlyForDeploymentPostprocessing = 0;
		};
		OBJ_86 /* Frameworks */ = {
			isa = PBXFrameworksBuildPhase;
			buildActionMask = 0;
			files = (
				OBJ_87 /* NeedleFoundation.framework in Frameworks */,
			);
			runOnlyForDeploymentPostprocessing = 0;
		};
/* End PBXFrameworksBuildPhase section */

/* Begin PBXGroup section */
		OBJ_11 /* Internal */ = {
			isa = PBXGroup;
			children = (
				OBJ_12 /* DependencyProviderRegistry.swift */,
			);
			path = Internal;
			sourceTree = "<group>";
		};
		OBJ_13 /* Pluginized */ = {
			isa = PBXGroup;
			children = (
				OBJ_14 /* Internal */,
				OBJ_16 /* NonCoreComponent.swift */,
				OBJ_17 /* PluginizedComponent.swift */,
				OBJ_18 /* PluginizedScopeLifecycle.swift */,
			);
			path = Pluginized;
			sourceTree = "<group>";
		};
		OBJ_14 /* Internal */ = {
			isa = PBXGroup;
			children = (
				OBJ_15 /* PluginExtensionProviderRegistry.swift */,
			);
			path = Internal;
			sourceTree = "<group>";
		};
		OBJ_19 /* NeedleFoundationTest */ = {
			isa = PBXGroup;
			children = (
				OBJ_20 /* MockComponentPathBuilder.swift */,
			);
			name = NeedleFoundationTest;
			path = Sources/NeedleFoundationTest;
			sourceTree = SOURCE_ROOT;
		};
		OBJ_21 /* Tests */ = {
			isa = PBXGroup;
			children = (
				OBJ_22 /* NeedleFoundationTests */,
				OBJ_27 /* NeedleFoundationTestTests */,
			);
			name = Tests;
			sourceTree = SOURCE_ROOT;
		};
		OBJ_22 /* NeedleFoundationTests */ = {
			isa = PBXGroup;
			children = (
				OBJ_23 /* ComponentTests.swift */,
				OBJ_24 /* DependencyProviderRegistryTests.swift */,
				OBJ_25 /* Pluginized */,
			);
			name = NeedleFoundationTests;
			path = Tests/NeedleFoundationTests;
			sourceTree = SOURCE_ROOT;
		};
		OBJ_25 /* Pluginized */ = {
			isa = PBXGroup;
			children = (
				OBJ_26 /* PluginizedComponentTests.swift */,
			);
			path = Pluginized;
			sourceTree = "<group>";
		};
		OBJ_27 /* NeedleFoundationTestTests */ = {
			isa = PBXGroup;
			children = (
				OBJ_28 /* MockComponentPathBuilderTests.swift */,
			);
			name = NeedleFoundationTestTests;
			path = Tests/NeedleFoundationTestTests;
			sourceTree = SOURCE_ROOT;
		};
		OBJ_32 /* Products */ = {
			isa = PBXGroup;
			children = (
				"NeedleFoundation::NeedleFoundation::Product" /* NeedleFoundation.framework */,
				"NeedleFoundation::NeedleFoundationTestTests::Product" /* NeedleFoundationTestTests.xctest */,
				"NeedleFoundation::NeedleFoundationTests::Product" /* NeedleFoundationTests.xctest */,
				"NeedleFoundation::NeedleFoundationTest::Product" /* NeedleFoundationTest.framework */,
			);
			name = Products;
			sourceTree = BUILT_PRODUCTS_DIR;
		};
		OBJ_5 = {
			isa = PBXGroup;
			children = (
				OBJ_6 /* Package.swift */,
				OBJ_7 /* Sources */,
				OBJ_21 /* Tests */,
				OBJ_29 /* Images */,
				OBJ_30 /* Generator */,
				OBJ_31 /* Sample */,
				OBJ_32 /* Products */,
			);
			sourceTree = "<group>";
		};
		OBJ_7 /* Sources */ = {
			isa = PBXGroup;
			children = (
				OBJ_8 /* NeedleFoundation */,
				OBJ_19 /* NeedleFoundationTest */,
			);
			name = Sources;
			sourceTree = SOURCE_ROOT;
		};
		OBJ_8 /* NeedleFoundation */ = {
			isa = PBXGroup;
			children = (
				OBJ_9 /* Bootstrap.swift */,
				OBJ_10 /* Component.swift */,
				OBJ_11 /* Internal */,
				OBJ_13 /* Pluginized */,
			);
			name = NeedleFoundation;
			path = Sources/NeedleFoundation;
			sourceTree = SOURCE_ROOT;
		};
/* End PBXGroup section */

/* Begin PBXNativeTarget section */
		"NeedleFoundation::NeedleFoundation" /* NeedleFoundation */ = {
			isa = PBXNativeTarget;
			buildConfigurationList = OBJ_38 /* Build configuration list for PBXNativeTarget "NeedleFoundation" */;
			buildPhases = (
				OBJ_41 /* Sources */,
				OBJ_49 /* Frameworks */,
			);
			buildRules = (
			);
			dependencies = (
			);
			name = NeedleFoundation;
			productName = NeedleFoundation;
			productReference = "NeedleFoundation::NeedleFoundation::Product" /* NeedleFoundation.framework */;
			productType = "com.apple.product-type.framework";
		};
		"NeedleFoundation::NeedleFoundationTest" /* NeedleFoundationTest */ = {
			isa = PBXNativeTarget;
			buildConfigurationList = OBJ_65 /* Build configuration list for PBXNativeTarget "NeedleFoundationTest" */;
			buildPhases = (
				OBJ_68 /* Sources */,
				OBJ_70 /* Frameworks */,
			);
			buildRules = (
			);
			dependencies = (
				BCD469FE2293199800368FC0 /* PBXTargetDependency */,
			);
			name = NeedleFoundationTest;
			productName = NeedleFoundationTest;
			productReference = "NeedleFoundation::NeedleFoundationTest::Product" /* NeedleFoundationTest.framework */;
			productType = "com.apple.product-type.framework";
		};
		"NeedleFoundation::NeedleFoundationTestTests" /* NeedleFoundationTestTests */ = {
			isa = PBXNativeTarget;
			buildConfigurationList = OBJ_71 /* Build configuration list for PBXNativeTarget "NeedleFoundationTestTests" */;
			buildPhases = (
				OBJ_74 /* Sources */,
				OBJ_76 /* Frameworks */,
			);
			buildRules = (
			);
			dependencies = (
				OBJ_78 /* PBXTargetDependency */,
			);
			name = NeedleFoundationTestTests;
			productName = NeedleFoundationTestTests;
			productReference = "NeedleFoundation::NeedleFoundationTestTests::Product" /* NeedleFoundationTestTests.xctest */;
			productType = "com.apple.product-type.bundle.unit-test";
		};
		"NeedleFoundation::NeedleFoundationTests" /* NeedleFoundationTests */ = {
			isa = PBXNativeTarget;
			buildConfigurationList = OBJ_79 /* Build configuration list for PBXNativeTarget "NeedleFoundationTests" */;
			buildPhases = (
				OBJ_82 /* Sources */,
				OBJ_86 /* Frameworks */,
			);
			buildRules = (
			);
			dependencies = (
				OBJ_88 /* PBXTargetDependency */,
			);
			name = NeedleFoundationTests;
			productName = NeedleFoundationTests;
			productReference = "NeedleFoundation::NeedleFoundationTests::Product" /* NeedleFoundationTests.xctest */;
			productType = "com.apple.product-type.bundle.unit-test";
		};
		"NeedleFoundation::SwiftPMPackageDescription" /* NeedleFoundationPackageDescription */ = {
			isa = PBXNativeTarget;
			buildConfigurationList = OBJ_51 /* Build configuration list for PBXNativeTarget "NeedleFoundationPackageDescription" */;
			buildPhases = (
				OBJ_54 /* Sources */,
			);
			buildRules = (
			);
			dependencies = (
			);
			name = NeedleFoundationPackageDescription;
			productName = NeedleFoundationPackageDescription;
			productType = "com.apple.product-type.framework";
		};
/* End PBXNativeTarget section */

/* Begin PBXProject section */
		OBJ_1 /* Project object */ = {
			isa = PBXProject;
			attributes = {
				LastUpgradeCheck = 9999;
			};
			buildConfigurationList = OBJ_2 /* Build configuration list for PBXProject "NeedleFoundation" */;
			compatibilityVersion = "Xcode 3.2";
			developmentRegion = English;
			hasScannedForEncodings = 0;
			knownRegions = (
				English,
				en,
			);
			mainGroup = OBJ_5;
			productRefGroup = OBJ_32 /* Products */;
			projectDirPath = "";
			projectRoot = "";
			targets = (
				"NeedleFoundation::NeedleFoundation" /* NeedleFoundation */,
				"NeedleFoundation::SwiftPMPackageDescription" /* NeedleFoundationPackageDescription */,
				"NeedleFoundation::NeedleFoundationPackageTests::ProductTarget" /* NeedleFoundationPackageTests */,
				"NeedleFoundation::NeedleFoundationTest" /* NeedleFoundationTest */,
				"NeedleFoundation::NeedleFoundationTestTests" /* NeedleFoundationTestTests */,
				"NeedleFoundation::NeedleFoundationTests" /* NeedleFoundationTests */,
			);
		};
/* End PBXProject section */

/* Begin PBXSourcesBuildPhase section */
		OBJ_41 /* Sources */ = {
			isa = PBXSourcesBuildPhase;
			buildActionMask = 0;
			files = (
				OBJ_42 /* Bootstrap.swift in Sources */,
				OBJ_43 /* Component.swift in Sources */,
				OBJ_44 /* DependencyProviderRegistry.swift in Sources */,
				OBJ_45 /* PluginExtensionProviderRegistry.swift in Sources */,
				OBJ_46 /* NonCoreComponent.swift in Sources */,
				OBJ_47 /* PluginizedComponent.swift in Sources */,
				OBJ_48 /* PluginizedScopeLifecycle.swift in Sources */,
			);
			runOnlyForDeploymentPostprocessing = 0;
		};
		OBJ_54 /* Sources */ = {
			isa = PBXSourcesBuildPhase;
			buildActionMask = 0;
			files = (
				OBJ_55 /* Package.swift in Sources */,
			);
			runOnlyForDeploymentPostprocessing = 0;
		};
		OBJ_68 /* Sources */ = {
			isa = PBXSourcesBuildPhase;
			buildActionMask = 0;
			files = (
				OBJ_69 /* MockComponentPathBuilder.swift in Sources */,
			);
			runOnlyForDeploymentPostprocessing = 0;
		};
		OBJ_74 /* Sources */ = {
			isa = PBXSourcesBuildPhase;
			buildActionMask = 0;
			files = (
				OBJ_75 /* MockComponentPathBuilderTests.swift in Sources */,
			);
			runOnlyForDeploymentPostprocessing = 0;
		};
		OBJ_82 /* Sources */ = {
			isa = PBXSourcesBuildPhase;
			buildActionMask = 0;
			files = (
				OBJ_83 /* ComponentTests.swift in Sources */,
				OBJ_84 /* DependencyProviderRegistryTests.swift in Sources */,
				OBJ_85 /* PluginizedComponentTests.swift in Sources */,
			);
			runOnlyForDeploymentPostprocessing = 0;
		};
/* End PBXSourcesBuildPhase section */

/* Begin PBXTargetDependency section */
		BCD469FE2293199800368FC0 /* PBXTargetDependency */ = {
			isa = PBXTargetDependency;
			target = "NeedleFoundation::NeedleFoundation" /* NeedleFoundation */;
			targetProxy = BCD469FD2293199800368FC0 /* PBXContainerItemProxy */;
		};
		OBJ_60 /* PBXTargetDependency */ = {
			isa = PBXTargetDependency;
			target = "NeedleFoundation::NeedleFoundationTestTests" /* NeedleFoundationTestTests */;
			targetProxy = BCD469FB228F54C800368FC0 /* PBXContainerItemProxy */;
		};
		OBJ_62 /* PBXTargetDependency */ = {
			isa = PBXTargetDependency;
			target = "NeedleFoundation::NeedleFoundationTests" /* NeedleFoundationTests */;
			targetProxy = BCD469FC228F54C800368FC0 /* PBXContainerItemProxy */;
		};
		OBJ_78 /* PBXTargetDependency */ = {
			isa = PBXTargetDependency;
			target = "NeedleFoundation::NeedleFoundationTest" /* NeedleFoundationTest */;
			targetProxy = BCD469FA228F54C400368FC0 /* PBXContainerItemProxy */;
		};
		OBJ_88 /* PBXTargetDependency */ = {
			isa = PBXTargetDependency;
			target = "NeedleFoundation::NeedleFoundation" /* NeedleFoundation */;
			targetProxy = BCD469F9228F54C300368FC0 /* PBXContainerItemProxy */;
		};
/* End PBXTargetDependency section */

/* Begin XCBuildConfiguration section */
		OBJ_3 /* Debug */ = {
			isa = XCBuildConfiguration;
			buildSettings = {
				CLANG_ENABLE_OBJC_ARC = YES;
				COMBINE_HIDPI_IMAGES = YES;
				COPY_PHASE_STRIP = NO;
				DEBUG_INFORMATION_FORMAT = dwarf;
				DYLIB_INSTALL_NAME_BASE = "@rpath";
				ENABLE_NS_ASSERTIONS = YES;
				GCC_OPTIMIZATION_LEVEL = 0;
				GCC_PREPROCESSOR_DEFINITIONS = (
					"DEBUG=1",
					"$(inherited)",
				);
				IPHONEOS_DEPLOYMENT_TARGET = 9.0;
				MACOSX_DEPLOYMENT_TARGET = 10.10;
				ONLY_ACTIVE_ARCH = YES;
				OTHER_SWIFT_FLAGS = "-DXcode";
				PRODUCT_NAME = "$(TARGET_NAME)";
				SDKROOT = macosx;
				SUPPORTED_PLATFORMS = "macosx iphoneos iphonesimulator appletvos appletvsimulator watchos watchsimulator";
				SWIFT_ACTIVE_COMPILATION_CONDITIONS = "SWIFT_PACKAGE DEBUG";
				SWIFT_OPTIMIZATION_LEVEL = "-Onone";
				TVOS_DEPLOYMENT_TARGET = 9.0;
				USE_HEADERMAP = NO;
				WATCHOS_DEPLOYMENT_TARGET = 2.0;
			};
			name = Debug;
		};
		OBJ_39 /* Debug */ = {
			isa = XCBuildConfiguration;
			buildSettings = {
				APPLICATION_EXTENSION_API_ONLY = YES;
				CURRENT_PROJECT_VERSION = 1;
				ENABLE_TESTABILITY = YES;
				FRAMEWORK_SEARCH_PATHS = (
					"$(inherited)",
					"$(PLATFORM_DIR)/Developer/Library/Frameworks",
				);
				HEADER_SEARCH_PATHS = "$(inherited)";
				INFOPLIST_FILE = NeedleFoundation.xcodeproj/NeedleFoundation_Info.plist;
				LD_RUNPATH_SEARCH_PATHS = "$(inherited) $(TOOLCHAIN_DIR)/usr/lib/swift/macosx";
				OTHER_CFLAGS = "$(inherited)";
				OTHER_LDFLAGS = "$(inherited)";
				OTHER_SWIFT_FLAGS = "$(inherited)";
				PRODUCT_BUNDLE_IDENTIFIER = NeedleFoundation;
				PRODUCT_MODULE_NAME = "$(TARGET_NAME:c99extidentifier)";
				PRODUCT_NAME = "$(TARGET_NAME:c99extidentifier)";
				SKIP_INSTALL = YES;
				SWIFT_ACTIVE_COMPILATION_CONDITIONS = "$(inherited)";
				SWIFT_VERSION = 4.0;
				TARGET_NAME = NeedleFoundation;
			};
			name = Debug;
		};
		OBJ_4 /* Release */ = {
			isa = XCBuildConfiguration;
			buildSettings = {
				CLANG_ENABLE_OBJC_ARC = YES;
				COMBINE_HIDPI_IMAGES = YES;
				COPY_PHASE_STRIP = YES;
				DEBUG_INFORMATION_FORMAT = "dwarf-with-dsym";
				DYLIB_INSTALL_NAME_BASE = "@rpath";
				GCC_OPTIMIZATION_LEVEL = s;
				IPHONEOS_DEPLOYMENT_TARGET = 9.0;
				MACOSX_DEPLOYMENT_TARGET = 10.10;
				OTHER_SWIFT_FLAGS = "-DXcode";
				PRODUCT_NAME = "$(TARGET_NAME)";
				SDKROOT = macosx;
				SUPPORTED_PLATFORMS = "macosx iphoneos iphonesimulator appletvos appletvsimulator watchos watchsimulator";
				SWIFT_ACTIVE_COMPILATION_CONDITIONS = SWIFT_PACKAGE;
				SWIFT_OPTIMIZATION_LEVEL = "-Owholemodule";
				TVOS_DEPLOYMENT_TARGET = 9.0;
				USE_HEADERMAP = NO;
				WATCHOS_DEPLOYMENT_TARGET = 2.0;
			};
			name = Release;
		};
		OBJ_40 /* Release */ = {
			isa = XCBuildConfiguration;
			buildSettings = {
				APPLICATION_EXTENSION_API_ONLY = YES;
				CURRENT_PROJECT_VERSION = 1;
				ENABLE_TESTABILITY = YES;
				FRAMEWORK_SEARCH_PATHS = (
					"$(inherited)",
					"$(PLATFORM_DIR)/Developer/Library/Frameworks",
				);
				HEADER_SEARCH_PATHS = "$(inherited)";
				INFOPLIST_FILE = NeedleFoundation.xcodeproj/NeedleFoundation_Info.plist;
				LD_RUNPATH_SEARCH_PATHS = "$(inherited) $(TOOLCHAIN_DIR)/usr/lib/swift/macosx";
				OTHER_CFLAGS = "$(inherited)";
				OTHER_LDFLAGS = "$(inherited)";
				OTHER_SWIFT_FLAGS = "$(inherited)";
				PRODUCT_BUNDLE_IDENTIFIER = NeedleFoundation;
				PRODUCT_MODULE_NAME = "$(TARGET_NAME:c99extidentifier)";
				PRODUCT_NAME = "$(TARGET_NAME:c99extidentifier)";
				SKIP_INSTALL = YES;
				SWIFT_ACTIVE_COMPILATION_CONDITIONS = "$(inherited)";
				SWIFT_VERSION = 4.0;
				TARGET_NAME = NeedleFoundation;
			};
			name = Release;
		};
		OBJ_52 /* Debug */ = {
			isa = XCBuildConfiguration;
			buildSettings = {
				LD = /usr/bin/true;
				OTHER_SWIFT_FLAGS = "-swift-version 4 -I $(TOOLCHAIN_DIR)/usr/lib/swift/pm/4 -target x86_64-apple-macosx10.10 -sdk /Applications/Xcode.10.1.0.10B61.app/Contents/Developer/Platforms/MacOSX.platform/Developer/SDKs/MacOSX10.14.sdk";
				SWIFT_VERSION = 4.0;
			};
			name = Debug;
		};
		OBJ_53 /* Release */ = {
			isa = XCBuildConfiguration;
			buildSettings = {
				LD = /usr/bin/true;
				OTHER_SWIFT_FLAGS = "-swift-version 4 -I $(TOOLCHAIN_DIR)/usr/lib/swift/pm/4 -target x86_64-apple-macosx10.10 -sdk /Applications/Xcode.10.1.0.10B61.app/Contents/Developer/Platforms/MacOSX.platform/Developer/SDKs/MacOSX10.14.sdk";
				SWIFT_VERSION = 4.0;
			};
			name = Release;
		};
		OBJ_58 /* Debug */ = {
			isa = XCBuildConfiguration;
			buildSettings = {
			};
			name = Debug;
		};
		OBJ_59 /* Release */ = {
			isa = XCBuildConfiguration;
			buildSettings = {
			};
			name = Release;
		};
		OBJ_66 /* Debug */ = {
			isa = XCBuildConfiguration;
			buildSettings = {
				ENABLE_TESTABILITY = YES;
				FRAMEWORK_SEARCH_PATHS = (
					"$(inherited)",
					"$(PLATFORM_DIR)/Developer/Library/Frameworks",
				);
				HEADER_SEARCH_PATHS = "$(inherited)";
				INFOPLIST_FILE = NeedleFoundation.xcodeproj/NeedleFoundationTest_Info.plist;
				LD_RUNPATH_SEARCH_PATHS = "$(inherited) $(TOOLCHAIN_DIR)/usr/lib/swift/macosx";
				OTHER_CFLAGS = "$(inherited)";
				OTHER_LDFLAGS = "$(inherited)";
				OTHER_SWIFT_FLAGS = "$(inherited)";
				PRODUCT_BUNDLE_IDENTIFIER = NeedleFoundationTest;
				PRODUCT_MODULE_NAME = "$(TARGET_NAME:c99extidentifier)";
				PRODUCT_NAME = "$(TARGET_NAME:c99extidentifier)";
				SKIP_INSTALL = YES;
				SWIFT_ACTIVE_COMPILATION_CONDITIONS = "$(inherited)";
				SWIFT_VERSION = 4.0;
				TARGET_NAME = NeedleFoundationTest;
			};
			name = Debug;
		};
		OBJ_67 /* Release */ = {
			isa = XCBuildConfiguration;
			buildSettings = {
				ENABLE_TESTABILITY = YES;
				FRAMEWORK_SEARCH_PATHS = (
					"$(inherited)",
					"$(PLATFORM_DIR)/Developer/Library/Frameworks",
				);
				HEADER_SEARCH_PATHS = "$(inherited)";
				INFOPLIST_FILE = NeedleFoundation.xcodeproj/NeedleFoundationTest_Info.plist;
				LD_RUNPATH_SEARCH_PATHS = "$(inherited) $(TOOLCHAIN_DIR)/usr/lib/swift/macosx";
				OTHER_CFLAGS = "$(inherited)";
				OTHER_LDFLAGS = "$(inherited)";
				OTHER_SWIFT_FLAGS = "$(inherited)";
				PRODUCT_BUNDLE_IDENTIFIER = NeedleFoundationTest;
				PRODUCT_MODULE_NAME = "$(TARGET_NAME:c99extidentifier)";
				PRODUCT_NAME = "$(TARGET_NAME:c99extidentifier)";
				SKIP_INSTALL = YES;
				SWIFT_ACTIVE_COMPILATION_CONDITIONS = "$(inherited)";
				SWIFT_VERSION = 4.0;
				TARGET_NAME = NeedleFoundationTest;
			};
			name = Release;
		};
		OBJ_72 /* Debug */ = {
			isa = XCBuildConfiguration;
			buildSettings = {
				CLANG_ENABLE_MODULES = YES;
				EMBEDDED_CONTENT_CONTAINS_SWIFT = YES;
				FRAMEWORK_SEARCH_PATHS = (
					"$(inherited)",
					"$(PLATFORM_DIR)/Developer/Library/Frameworks",
				);
				HEADER_SEARCH_PATHS = "$(inherited)";
				INFOPLIST_FILE = NeedleFoundation.xcodeproj/NeedleFoundationTestTests_Info.plist;
				LD_RUNPATH_SEARCH_PATHS = "$(inherited) @loader_path/../Frameworks @loader_path/Frameworks";
				OTHER_CFLAGS = "$(inherited)";
				OTHER_LDFLAGS = "$(inherited)";
				OTHER_SWIFT_FLAGS = "$(inherited)";
				SWIFT_ACTIVE_COMPILATION_CONDITIONS = "$(inherited)";
				SWIFT_VERSION = 4.0;
				TARGET_NAME = NeedleFoundationTestTests;
			};
			name = Debug;
		};
		OBJ_73 /* Release */ = {
			isa = XCBuildConfiguration;
			buildSettings = {
				CLANG_ENABLE_MODULES = YES;
				EMBEDDED_CONTENT_CONTAINS_SWIFT = YES;
				FRAMEWORK_SEARCH_PATHS = (
					"$(inherited)",
					"$(PLATFORM_DIR)/Developer/Library/Frameworks",
				);
				HEADER_SEARCH_PATHS = "$(inherited)";
				INFOPLIST_FILE = NeedleFoundation.xcodeproj/NeedleFoundationTestTests_Info.plist;
				LD_RUNPATH_SEARCH_PATHS = "$(inherited) @loader_path/../Frameworks @loader_path/Frameworks";
				OTHER_CFLAGS = "$(inherited)";
				OTHER_LDFLAGS = "$(inherited)";
				OTHER_SWIFT_FLAGS = "$(inherited)";
				SWIFT_ACTIVE_COMPILATION_CONDITIONS = "$(inherited)";
				SWIFT_VERSION = 4.0;
				TARGET_NAME = NeedleFoundationTestTests;
			};
			name = Release;
		};
		OBJ_80 /* Debug */ = {
			isa = XCBuildConfiguration;
			buildSettings = {
				CLANG_ENABLE_MODULES = YES;
				EMBEDDED_CONTENT_CONTAINS_SWIFT = YES;
				FRAMEWORK_SEARCH_PATHS = (
					"$(inherited)",
					"$(PLATFORM_DIR)/Developer/Library/Frameworks",
				);
				HEADER_SEARCH_PATHS = "$(inherited)";
				INFOPLIST_FILE = NeedleFoundation.xcodeproj/NeedleFoundationTests_Info.plist;
				LD_RUNPATH_SEARCH_PATHS = "$(inherited) @loader_path/../Frameworks @loader_path/Frameworks";
				OTHER_CFLAGS = "$(inherited)";
				OTHER_LDFLAGS = "$(inherited)";
				OTHER_SWIFT_FLAGS = "$(inherited)";
				SWIFT_ACTIVE_COMPILATION_CONDITIONS = "$(inherited)";
				SWIFT_VERSION = 4.0;
				TARGET_NAME = NeedleFoundationTests;
			};
			name = Debug;
		};
		OBJ_81 /* Release */ = {
			isa = XCBuildConfiguration;
			buildSettings = {
				CLANG_ENABLE_MODULES = YES;
				EMBEDDED_CONTENT_CONTAINS_SWIFT = YES;
				FRAMEWORK_SEARCH_PATHS = (
					"$(inherited)",
					"$(PLATFORM_DIR)/Developer/Library/Frameworks",
				);
				HEADER_SEARCH_PATHS = "$(inherited)";
				INFOPLIST_FILE = NeedleFoundation.xcodeproj/NeedleFoundationTests_Info.plist;
				LD_RUNPATH_SEARCH_PATHS = "$(inherited) @loader_path/../Frameworks @loader_path/Frameworks";
				OTHER_CFLAGS = "$(inherited)";
				OTHER_LDFLAGS = "$(inherited)";
				OTHER_SWIFT_FLAGS = "$(inherited)";
				SWIFT_ACTIVE_COMPILATION_CONDITIONS = "$(inherited)";
				SWIFT_VERSION = 4.0;
				TARGET_NAME = NeedleFoundationTests;
			};
			name = Release;
		};
/* End XCBuildConfiguration section */

/* Begin XCConfigurationList section */
		OBJ_2 /* Build configuration list for PBXProject "NeedleFoundation" */ = {
			isa = XCConfigurationList;
			buildConfigurations = (
				OBJ_3 /* Debug */,
				OBJ_4 /* Release */,
			);
			defaultConfigurationIsVisible = 0;
			defaultConfigurationName = Release;
		};
		OBJ_38 /* Build configuration list for PBXNativeTarget "NeedleFoundation" */ = {
			isa = XCConfigurationList;
			buildConfigurations = (
				OBJ_39 /* Debug */,
				OBJ_40 /* Release */,
			);
			defaultConfigurationIsVisible = 0;
			defaultConfigurationName = Release;
		};
		OBJ_51 /* Build configuration list for PBXNativeTarget "NeedleFoundationPackageDescription" */ = {
			isa = XCConfigurationList;
			buildConfigurations = (
				OBJ_52 /* Debug */,
				OBJ_53 /* Release */,
			);
			defaultConfigurationIsVisible = 0;
			defaultConfigurationName = Release;
		};
		OBJ_57 /* Build configuration list for PBXAggregateTarget "NeedleFoundationPackageTests" */ = {
			isa = XCConfigurationList;
			buildConfigurations = (
				OBJ_58 /* Debug */,
				OBJ_59 /* Release */,
			);
			defaultConfigurationIsVisible = 0;
			defaultConfigurationName = Release;
		};
		OBJ_65 /* Build configuration list for PBXNativeTarget "NeedleFoundationTest" */ = {
			isa = XCConfigurationList;
			buildConfigurations = (
				OBJ_66 /* Debug */,
				OBJ_67 /* Release */,
			);
			defaultConfigurationIsVisible = 0;
			defaultConfigurationName = Release;
		};
		OBJ_71 /* Build configuration list for PBXNativeTarget "NeedleFoundationTestTests" */ = {
			isa = XCConfigurationList;
			buildConfigurations = (
				OBJ_72 /* Debug */,
				OBJ_73 /* Release */,
			);
			defaultConfigurationIsVisible = 0;
			defaultConfigurationName = Release;
		};
		OBJ_79 /* Build configuration list for PBXNativeTarget "NeedleFoundationTests" */ = {
			isa = XCConfigurationList;
			buildConfigurations = (
				OBJ_80 /* Debug */,
				OBJ_81 /* Release */,
			);
			defaultConfigurationIsVisible = 0;
			defaultConfigurationName = Release;
		};
/* End XCConfigurationList section */
	};
	rootObject = OBJ_1 /* Project object */;
}
