// !$*UTF8*$!
{
	archiveVersion = 1;
	classes = {
	};
	objectVersion = 46;
	objects = {

/* Begin PBXBuildFile section */
		41E114E121ACA5AC00156CC3 /* ISO8601DateFormatter.framework in Frameworks */ = {isa = PBXBuildFile; fileRef = 41E114DC21ACA5AC00156CC3 /* ISO8601DateFormatter.framework */; };
		41E114E221ACA5AC00156CC3 /* Mantle.framework in Frameworks */ = {isa = PBXBuildFile; fileRef = 41E114DD21ACA5AC00156CC3 /* Mantle.framework */; };
		41E114E321ACA5AC00156CC3 /* OctoKit.framework in Frameworks */ = {isa = PBXBuildFile; fileRef = 41E114DE21ACA5AC00156CC3 /* OctoKit.framework */; };
		41E114E421ACA5AC00156CC3 /* AFNetworking.framework in Frameworks */ = {isa = PBXBuildFile; fileRef = 41E114DF21ACA5AC00156CC3 /* AFNetworking.framework */; };
		41E114E521ACA5AC00156CC3 /* ReactiveCocoa.framework in Frameworks */ = {isa = PBXBuildFile; fileRef = 41E114E021ACA5AC00156CC3 /* ReactiveCocoa.framework */; };
		41E114E621ACA5B500156CC3 /* AFNetworking.framework in CopyFiles */ = {isa = PBXBuildFile; fileRef = 41E114DF21ACA5AC00156CC3 /* AFNetworking.framework */; };
		41E114E721ACA5B500156CC3 /* ISO8601DateFormatter.framework in CopyFiles */ = {isa = PBXBuildFile; fileRef = 41E114DC21ACA5AC00156CC3 /* ISO8601DateFormatter.framework */; };
		41E114E821ACA5B500156CC3 /* Mantle.framework in CopyFiles */ = {isa = PBXBuildFile; fileRef = 41E114DD21ACA5AC00156CC3 /* Mantle.framework */; };
		41E114E921ACA5B500156CC3 /* OctoKit.framework in CopyFiles */ = {isa = PBXBuildFile; fileRef = 41E114DE21ACA5AC00156CC3 /* OctoKit.framework */; };
		41E114EA21ACA5B500156CC3 /* ReactiveCocoa.framework in CopyFiles */ = {isa = PBXBuildFile; fileRef = 41E114E021ACA5AC00156CC3 /* ReactiveCocoa.framework */; };
		41E114EE21ACCFDA00156CC3 /* GitUtilities.swift in Sources */ = {isa = PBXBuildFile; fileRef = 41E114ED21ACCFDA00156CC3 /* GitUtilities.swift */; };
		OBJ_144 /* Await.swift in Sources */ = {isa = PBXBuildFile; fileRef = OBJ_37 /* Await.swift */; };
		OBJ_145 /* ByteString.swift in Sources */ = {isa = PBXBuildFile; fileRef = OBJ_38 /* ByteString.swift */; };
		OBJ_146 /* CStringArray.swift in Sources */ = {isa = PBXBuildFile; fileRef = OBJ_39 /* CStringArray.swift */; };
		OBJ_147 /* CacheableSequence.swift in Sources */ = {isa = PBXBuildFile; fileRef = OBJ_40 /* CacheableSequence.swift */; };
		OBJ_148 /* CollectionAlgorithms.swift in Sources */ = {isa = PBXBuildFile; fileRef = OBJ_41 /* CollectionAlgorithms.swift */; };
		OBJ_149 /* CollectionExtensions.swift in Sources */ = {isa = PBXBuildFile; fileRef = OBJ_42 /* CollectionExtensions.swift */; };
		OBJ_150 /* Condition.swift in Sources */ = {isa = PBXBuildFile; fileRef = OBJ_43 /* Condition.swift */; };
		OBJ_151 /* DeltaAlgorithm.swift in Sources */ = {isa = PBXBuildFile; fileRef = OBJ_44 /* DeltaAlgorithm.swift */; };
		OBJ_152 /* DiagnosticsEngine.swift in Sources */ = {isa = PBXBuildFile; fileRef = OBJ_45 /* DiagnosticsEngine.swift */; };
		OBJ_153 /* DictionaryExtensions.swift in Sources */ = {isa = PBXBuildFile; fileRef = OBJ_46 /* DictionaryExtensions.swift */; };
		OBJ_154 /* DictionaryLiteralExtensions.swift in Sources */ = {isa = PBXBuildFile; fileRef = OBJ_47 /* DictionaryLiteralExtensions.swift */; };
		OBJ_155 /* EditDistance.swift in Sources */ = {isa = PBXBuildFile; fileRef = OBJ_48 /* EditDistance.swift */; };
		OBJ_156 /* FileSystem.swift in Sources */ = {isa = PBXBuildFile; fileRef = OBJ_49 /* FileSystem.swift */; };
		OBJ_157 /* GraphAlgorithms.swift in Sources */ = {isa = PBXBuildFile; fileRef = OBJ_50 /* GraphAlgorithms.swift */; };
		OBJ_158 /* JSON.swift in Sources */ = {isa = PBXBuildFile; fileRef = OBJ_51 /* JSON.swift */; };
		OBJ_159 /* JSONMapper.swift in Sources */ = {isa = PBXBuildFile; fileRef = OBJ_52 /* JSONMapper.swift */; };
		OBJ_160 /* KeyedPair.swift in Sources */ = {isa = PBXBuildFile; fileRef = OBJ_53 /* KeyedPair.swift */; };
		OBJ_161 /* LazyCache.swift in Sources */ = {isa = PBXBuildFile; fileRef = OBJ_54 /* LazyCache.swift */; };
		OBJ_162 /* Lock.swift in Sources */ = {isa = PBXBuildFile; fileRef = OBJ_55 /* Lock.swift */; };
		OBJ_163 /* ObjectIdentifierProtocol.swift in Sources */ = {isa = PBXBuildFile; fileRef = OBJ_56 /* ObjectIdentifierProtocol.swift */; };
		OBJ_164 /* OrderedDictionary.swift in Sources */ = {isa = PBXBuildFile; fileRef = OBJ_57 /* OrderedDictionary.swift */; };
		OBJ_165 /* OrderedSet.swift in Sources */ = {isa = PBXBuildFile; fileRef = OBJ_58 /* OrderedSet.swift */; };
		OBJ_166 /* OutputByteStream.swift in Sources */ = {isa = PBXBuildFile; fileRef = OBJ_59 /* OutputByteStream.swift */; };
		OBJ_167 /* Path.swift in Sources */ = {isa = PBXBuildFile; fileRef = OBJ_60 /* Path.swift */; };
		OBJ_168 /* PathShims.swift in Sources */ = {isa = PBXBuildFile; fileRef = OBJ_61 /* PathShims.swift */; };
		OBJ_169 /* Process.swift in Sources */ = {isa = PBXBuildFile; fileRef = OBJ_62 /* Process.swift */; };
		OBJ_170 /* ProcessSet.swift in Sources */ = {isa = PBXBuildFile; fileRef = OBJ_63 /* ProcessSet.swift */; };
		OBJ_171 /* RegEx.swift in Sources */ = {isa = PBXBuildFile; fileRef = OBJ_64 /* RegEx.swift */; };
		OBJ_172 /* Result.swift in Sources */ = {isa = PBXBuildFile; fileRef = OBJ_65 /* Result.swift */; };
		OBJ_173 /* SHA256.swift in Sources */ = {isa = PBXBuildFile; fileRef = OBJ_66 /* SHA256.swift */; };
		OBJ_174 /* SortedArray.swift in Sources */ = {isa = PBXBuildFile; fileRef = OBJ_67 /* SortedArray.swift */; };
		OBJ_175 /* StringConversions.swift in Sources */ = {isa = PBXBuildFile; fileRef = OBJ_68 /* StringConversions.swift */; };
		OBJ_176 /* SynchronizedQueue.swift in Sources */ = {isa = PBXBuildFile; fileRef = OBJ_69 /* SynchronizedQueue.swift */; };
		OBJ_177 /* TemporaryFile.swift in Sources */ = {isa = PBXBuildFile; fileRef = OBJ_70 /* TemporaryFile.swift */; };
		OBJ_178 /* TerminalController.swift in Sources */ = {isa = PBXBuildFile; fileRef = OBJ_71 /* TerminalController.swift */; };
		OBJ_179 /* Thread.swift in Sources */ = {isa = PBXBuildFile; fileRef = OBJ_72 /* Thread.swift */; };
		OBJ_180 /* Tuple.swift in Sources */ = {isa = PBXBuildFile; fileRef = OBJ_73 /* Tuple.swift */; };
		OBJ_181 /* misc.swift in Sources */ = {isa = PBXBuildFile; fileRef = OBJ_74 /* misc.swift */; };
		OBJ_183 /* POSIX.framework in Frameworks */ = {isa = PBXBuildFile; fileRef = "SwiftPM::POSIX::Product" /* POSIX.framework */; };
		OBJ_184 /* SPMLibc.framework in Frameworks */ = {isa = PBXBuildFile; fileRef = "SwiftPM::SPMLibc::Product" /* SPMLibc.framework */; };
		OBJ_185 /* clibc.framework in Frameworks */ = {isa = PBXBuildFile; fileRef = "SwiftPM::clibc::Product" /* clibc.framework */; };
		OBJ_197 /* AtomicBool.swift in Sources */ = {isa = PBXBuildFile; fileRef = OBJ_24 /* AtomicBool.swift */; };
		OBJ_198 /* AtomicInt.swift in Sources */ = {isa = PBXBuildFile; fileRef = OBJ_25 /* AtomicInt.swift */; };
		OBJ_199 /* AtomicReference.swift in Sources */ = {isa = PBXBuildFile; fileRef = OBJ_26 /* AtomicReference.swift */; };
		OBJ_200 /* CountDownLatch.swift in Sources */ = {isa = PBXBuildFile; fileRef = OBJ_27 /* CountDownLatch.swift */; };
		OBJ_201 /* ConcurrentSequenceExecutor.swift in Sources */ = {isa = PBXBuildFile; fileRef = OBJ_29 /* ConcurrentSequenceExecutor.swift */; };
		OBJ_202 /* SequenceExecutor.swift in Sources */ = {isa = PBXBuildFile; fileRef = OBJ_30 /* SequenceExecutor.swift */; };
		OBJ_203 /* SerialSequenceExecutor.swift in Sources */ = {isa = PBXBuildFile; fileRef = OBJ_31 /* SerialSequenceExecutor.swift */; };
		OBJ_204 /* Task.swift in Sources */ = {isa = PBXBuildFile; fileRef = OBJ_32 /* Task.swift */; };
		OBJ_211 /* Package.swift in Sources */ = {isa = PBXBuildFile; fileRef = OBJ_33 /* Package.swift */; };
		OBJ_217 /* Package.swift in Sources */ = {isa = PBXBuildFile; fileRef = OBJ_6 /* Package.swift */; };
		OBJ_222 /* Error.swift in Sources */ = {isa = PBXBuildFile; fileRef = OBJ_79 /* Error.swift */; };
		OBJ_223 /* chdir.swift in Sources */ = {isa = PBXBuildFile; fileRef = OBJ_80 /* chdir.swift */; };
		OBJ_224 /* env.swift in Sources */ = {isa = PBXBuildFile; fileRef = OBJ_81 /* env.swift */; };
		OBJ_225 /* exit.swift in Sources */ = {isa = PBXBuildFile; fileRef = OBJ_82 /* exit.swift */; };
		OBJ_226 /* getcwd.swift in Sources */ = {isa = PBXBuildFile; fileRef = OBJ_83 /* getcwd.swift */; };
		OBJ_227 /* isatty.swift in Sources */ = {isa = PBXBuildFile; fileRef = OBJ_84 /* isatty.swift */; };
		OBJ_228 /* readdir.swift in Sources */ = {isa = PBXBuildFile; fileRef = OBJ_85 /* readdir.swift */; };
		OBJ_229 /* realpath.swift in Sources */ = {isa = PBXBuildFile; fileRef = OBJ_86 /* realpath.swift */; };
		OBJ_230 /* rename.swift in Sources */ = {isa = PBXBuildFile; fileRef = OBJ_87 /* rename.swift */; };
		OBJ_231 /* stat.swift in Sources */ = {isa = PBXBuildFile; fileRef = OBJ_88 /* stat.swift */; };
		OBJ_232 /* usleep.swift in Sources */ = {isa = PBXBuildFile; fileRef = OBJ_89 /* usleep.swift */; };
		OBJ_234 /* SPMLibc.framework in Frameworks */ = {isa = PBXBuildFile; fileRef = "SwiftPM::SPMLibc::Product" /* SPMLibc.framework */; };
		OBJ_235 /* clibc.framework in Frameworks */ = {isa = PBXBuildFile; fileRef = "SwiftPM::clibc::Product" /* clibc.framework */; };
		OBJ_242 /* libc.swift in Sources */ = {isa = PBXBuildFile; fileRef = OBJ_97 /* libc.swift */; };
		OBJ_244 /* clibc.framework in Frameworks */ = {isa = PBXBuildFile; fileRef = "SwiftPM::clibc::Product" /* clibc.framework */; };
		OBJ_251 /* Package.swift in Sources */ = {isa = PBXBuildFile; fileRef = OBJ_130 /* Package.swift */; };
		OBJ_257 /* ArgumentParser.swift in Sources */ = {isa = PBXBuildFile; fileRef = OBJ_108 /* ArgumentParser.swift */; };
		OBJ_258 /* ArgumentParserShellCompletion.swift in Sources */ = {isa = PBXBuildFile; fileRef = OBJ_109 /* ArgumentParserShellCompletion.swift */; };
		OBJ_259 /* BuildFlags.swift in Sources */ = {isa = PBXBuildFile; fileRef = OBJ_110 /* BuildFlags.swift */; };
		OBJ_260 /* CollectionExtensions.swift in Sources */ = {isa = PBXBuildFile; fileRef = OBJ_111 /* CollectionExtensions.swift */; };
		OBJ_261 /* Diagnostics.swift in Sources */ = {isa = PBXBuildFile; fileRef = OBJ_112 /* Diagnostics.swift */; };
		OBJ_262 /* Git.swift in Sources */ = {isa = PBXBuildFile; fileRef = OBJ_113 /* Git.swift */; };
		OBJ_263 /* InterruptHandler.swift in Sources */ = {isa = PBXBuildFile; fileRef = OBJ_114 /* InterruptHandler.swift */; };
		OBJ_264 /* PkgConfig.swift in Sources */ = {isa = PBXBuildFile; fileRef = OBJ_115 /* PkgConfig.swift */; };
		OBJ_265 /* Platform.swift in Sources */ = {isa = PBXBuildFile; fileRef = OBJ_116 /* Platform.swift */; };
		OBJ_266 /* Process.swift in Sources */ = {isa = PBXBuildFile; fileRef = OBJ_117 /* Process.swift */; };
		OBJ_267 /* ProgressBar.swift in Sources */ = {isa = PBXBuildFile; fileRef = OBJ_118 /* ProgressBar.swift */; };
		OBJ_268 /* SimplePersistence.swift in Sources */ = {isa = PBXBuildFile; fileRef = OBJ_119 /* SimplePersistence.swift */; };
		OBJ_269 /* StringExtensions.swift in Sources */ = {isa = PBXBuildFile; fileRef = OBJ_120 /* StringExtensions.swift */; };
		OBJ_270 /* StringMangling.swift in Sources */ = {isa = PBXBuildFile; fileRef = OBJ_121 /* StringMangling.swift */; };
		OBJ_271 /* URL.swift in Sources */ = {isa = PBXBuildFile; fileRef = OBJ_122 /* URL.swift */; };
		OBJ_272 /* Verbosity.swift in Sources */ = {isa = PBXBuildFile; fileRef = OBJ_123 /* Verbosity.swift */; };
		OBJ_273 /* Version.swift in Sources */ = {isa = PBXBuildFile; fileRef = OBJ_124 /* Version.swift */; };
		OBJ_274 /* Versioning.swift in Sources */ = {isa = PBXBuildFile; fileRef = OBJ_125 /* Versioning.swift */; };
		OBJ_275 /* misc.swift in Sources */ = {isa = PBXBuildFile; fileRef = OBJ_126 /* misc.swift */; };
		OBJ_277 /* Basic.framework in Frameworks */ = {isa = PBXBuildFile; fileRef = "SwiftPM::Basic::Product" /* Basic.framework */; };
		OBJ_278 /* POSIX.framework in Frameworks */ = {isa = PBXBuildFile; fileRef = "SwiftPM::POSIX::Product" /* POSIX.framework */; };
		OBJ_279 /* SPMLibc.framework in Frameworks */ = {isa = PBXBuildFile; fileRef = "SwiftPM::SPMLibc::Product" /* SPMLibc.framework */; };
		OBJ_280 /* clibc.framework in Frameworks */ = {isa = PBXBuildFile; fileRef = "SwiftPM::clibc::Product" /* clibc.framework */; };
		OBJ_289 /* libc.c in Sources */ = {isa = PBXBuildFile; fileRef = OBJ_101 /* libc.c */; };
		OBJ_296 /* AbstractCommand.swift in Sources */ = {isa = PBXBuildFile; fileRef = OBJ_9 /* AbstractCommand.swift */; };
		OBJ_297 /* Command.swift in Sources */ = {isa = PBXBuildFile; fileRef = OBJ_10 /* Command.swift */; };
		OBJ_298 /* DeployCommand.swift in Sources */ = {isa = PBXBuildFile; fileRef = OBJ_11 /* DeployCommand.swift */; };
		OBJ_299 /* CompilerUtilities.swift in Sources */ = {isa = PBXBuildFile; fileRef = OBJ_13 /* CompilerUtilities.swift */; };
		OBJ_300 /* Paths.swift in Sources */ = {isa = PBXBuildFile; fileRef = OBJ_14 /* Paths.swift */; };
		OBJ_301 /* ProcessUtilities.swift in Sources */ = {isa = PBXBuildFile; fileRef = OBJ_15 /* ProcessUtilities.swift */; };
		OBJ_302 /* VersionString.swift in Sources */ = {isa = PBXBuildFile; fileRef = OBJ_16 /* VersionString.swift */; };
		OBJ_303 /* main.swift in Sources */ = {isa = PBXBuildFile; fileRef = OBJ_17 /* main.swift */; };
		OBJ_305 /* Utility.framework in Frameworks */ = {isa = PBXBuildFile; fileRef = "SwiftPM::Utility::Product" /* Utility.framework */; };
		OBJ_306 /* Basic.framework in Frameworks */ = {isa = PBXBuildFile; fileRef = "SwiftPM::Basic::Product" /* Basic.framework */; };
		OBJ_307 /* POSIX.framework in Frameworks */ = {isa = PBXBuildFile; fileRef = "SwiftPM::POSIX::Product" /* POSIX.framework */; };
		OBJ_308 /* SPMLibc.framework in Frameworks */ = {isa = PBXBuildFile; fileRef = "SwiftPM::SPMLibc::Product" /* SPMLibc.framework */; };
		OBJ_309 /* clibc.framework in Frameworks */ = {isa = PBXBuildFile; fileRef = "SwiftPM::clibc::Product" /* clibc.framework */; };
		OBJ_310 /* Concurrency.framework in Frameworks */ = {isa = PBXBuildFile; fileRef = "Concurrency::Concurrency::Product" /* Concurrency.framework */; };
/* End PBXBuildFile section */

/* Begin PBXContainerItemProxy section */
		41E114CA21ACA56100156CC3 /* PBXContainerItemProxy */ = {
			isa = PBXContainerItemProxy;
			containerPortal = OBJ_1 /* Project object */;
			proxyType = 1;
			remoteGlobalIDString = "SwiftPM::Utility";
			remoteInfo = Utility;
		};
		41E114CB21ACA56100156CC3 /* PBXContainerItemProxy */ = {
			isa = PBXContainerItemProxy;
			containerPortal = OBJ_1 /* Project object */;
			proxyType = 1;
			remoteGlobalIDString = "SwiftPM::Basic";
			remoteInfo = Basic;
		};
		41E114CC21ACA56100156CC3 /* PBXContainerItemProxy */ = {
			isa = PBXContainerItemProxy;
			containerPortal = OBJ_1 /* Project object */;
			proxyType = 1;
			remoteGlobalIDString = "SwiftPM::POSIX";
			remoteInfo = POSIX;
		};
		41E114CD21ACA56100156CC3 /* PBXContainerItemProxy */ = {
			isa = PBXContainerItemProxy;
			containerPortal = OBJ_1 /* Project object */;
			proxyType = 1;
			remoteGlobalIDString = "SwiftPM::SPMLibc";
			remoteInfo = SPMLibc;
		};
		41E114CE21ACA56100156CC3 /* PBXContainerItemProxy */ = {
			isa = PBXContainerItemProxy;
			containerPortal = OBJ_1 /* Project object */;
			proxyType = 1;
			remoteGlobalIDString = "SwiftPM::clibc";
			remoteInfo = clibc;
		};
		41E114CF21ACA56100156CC3 /* PBXContainerItemProxy */ = {
			isa = PBXContainerItemProxy;
			containerPortal = OBJ_1 /* Project object */;
			proxyType = 1;
			remoteGlobalIDString = "SwiftPM::clibc";
			remoteInfo = clibc;
		};
		41E114D021ACA56100156CC3 /* PBXContainerItemProxy */ = {
			isa = PBXContainerItemProxy;
			containerPortal = OBJ_1 /* Project object */;
			proxyType = 1;
			remoteGlobalIDString = "SwiftPM::SPMLibc";
			remoteInfo = SPMLibc;
		};
		41E114D121ACA56100156CC3 /* PBXContainerItemProxy */ = {
			isa = PBXContainerItemProxy;
			containerPortal = OBJ_1 /* Project object */;
			proxyType = 1;
			remoteGlobalIDString = "SwiftPM::clibc";
			remoteInfo = clibc;
		};
		41E114D221ACA56100156CC3 /* PBXContainerItemProxy */ = {
			isa = PBXContainerItemProxy;
			containerPortal = OBJ_1 /* Project object */;
			proxyType = 1;
			remoteGlobalIDString = "SwiftPM::POSIX";
			remoteInfo = POSIX;
		};
		41E114D321ACA56100156CC3 /* PBXContainerItemProxy */ = {
			isa = PBXContainerItemProxy;
			containerPortal = OBJ_1 /* Project object */;
			proxyType = 1;
			remoteGlobalIDString = "SwiftPM::SPMLibc";
			remoteInfo = SPMLibc;
		};
		41E114D421ACA56100156CC3 /* PBXContainerItemProxy */ = {
			isa = PBXContainerItemProxy;
			containerPortal = OBJ_1 /* Project object */;
			proxyType = 1;
			remoteGlobalIDString = "SwiftPM::clibc";
			remoteInfo = clibc;
		};
		41E114D521ACA56100156CC3 /* PBXContainerItemProxy */ = {
			isa = PBXContainerItemProxy;
			containerPortal = OBJ_1 /* Project object */;
			proxyType = 1;
			remoteGlobalIDString = "SwiftPM::Basic";
			remoteInfo = Basic;
		};
		41E114D621ACA56100156CC3 /* PBXContainerItemProxy */ = {
			isa = PBXContainerItemProxy;
			containerPortal = OBJ_1 /* Project object */;
			proxyType = 1;
			remoteGlobalIDString = "SwiftPM::POSIX";
			remoteInfo = POSIX;
		};
		41E114D721ACA56100156CC3 /* PBXContainerItemProxy */ = {
			isa = PBXContainerItemProxy;
			containerPortal = OBJ_1 /* Project object */;
			proxyType = 1;
			remoteGlobalIDString = "SwiftPM::SPMLibc";
			remoteInfo = SPMLibc;
		};
		41E114D821ACA56100156CC3 /* PBXContainerItemProxy */ = {
			isa = PBXContainerItemProxy;
			containerPortal = OBJ_1 /* Project object */;
			proxyType = 1;
			remoteGlobalIDString = "SwiftPM::clibc";
			remoteInfo = clibc;
		};
		41E114D921ACA56100156CC3 /* PBXContainerItemProxy */ = {
			isa = PBXContainerItemProxy;
			containerPortal = OBJ_1 /* Project object */;
			proxyType = 1;
			remoteGlobalIDString = "Concurrency::Concurrency";
			remoteInfo = Concurrency;
		};
/* End PBXContainerItemProxy section */

/* Begin PBXCopyFilesBuildPhase section */
		41E114DA21ACA58800156CC3 /* CopyFiles */ = {
			isa = PBXCopyFilesBuildPhase;
			buildActionMask = 2147483647;
			dstPath = "";
			dstSubfolderSpec = 16;
			files = (
				41E114E621ACA5B500156CC3 /* AFNetworking.framework in CopyFiles */,
				41E114E721ACA5B500156CC3 /* ISO8601DateFormatter.framework in CopyFiles */,
				41E114E821ACA5B500156CC3 /* Mantle.framework in CopyFiles */,
				41E114E921ACA5B500156CC3 /* OctoKit.framework in CopyFiles */,
				41E114EA21ACA5B500156CC3 /* ReactiveCocoa.framework in CopyFiles */,
			);
			runOnlyForDeploymentPostprocessing = 0;
		};
/* End PBXCopyFilesBuildPhase section */

/* Begin PBXFileReference section */
		41E114DC21ACA5AC00156CC3 /* ISO8601DateFormatter.framework */ = {isa = PBXFileReference; lastKnownFileType = wrapper.framework; name = ISO8601DateFormatter.framework; path = Carthage/Build/Mac/ISO8601DateFormatter.framework; sourceTree = "<group>"; };
		41E114DD21ACA5AC00156CC3 /* Mantle.framework */ = {isa = PBXFileReference; lastKnownFileType = wrapper.framework; name = Mantle.framework; path = Carthage/Build/Mac/Mantle.framework; sourceTree = "<group>"; };
		41E114DE21ACA5AC00156CC3 /* OctoKit.framework */ = {isa = PBXFileReference; lastKnownFileType = wrapper.framework; name = OctoKit.framework; path = Carthage/Build/Mac/OctoKit.framework; sourceTree = "<group>"; };
		41E114DF21ACA5AC00156CC3 /* AFNetworking.framework */ = {isa = PBXFileReference; lastKnownFileType = wrapper.framework; name = AFNetworking.framework; path = Carthage/Build/Mac/AFNetworking.framework; sourceTree = "<group>"; };
		41E114E021ACA5AC00156CC3 /* ReactiveCocoa.framework */ = {isa = PBXFileReference; lastKnownFileType = wrapper.framework; name = ReactiveCocoa.framework; path = Carthage/Build/Mac/ReactiveCocoa.framework; sourceTree = "<group>"; };
		41E114ED21ACCFDA00156CC3 /* GitUtilities.swift */ = {isa = PBXFileReference; lastKnownFileType = sourcecode.swift; path = GitUtilities.swift; sourceTree = "<group>"; };
		"Concurrency::Concurrency::Product" /* Concurrency.framework */ = {isa = PBXFileReference; lastKnownFileType = wrapper.framework; path = Concurrency.framework; sourceTree = BUILT_PRODUCTS_DIR; };
		"NeedleTools::needletools::Product" /* needletools */ = {isa = PBXFileReference; explicitFileType = "compiled.mach-o.executable"; path = needletools; sourceTree = BUILT_PRODUCTS_DIR; };
		OBJ_10 /* Command.swift */ = {isa = PBXFileReference; lastKnownFileType = sourcecode.swift; path = Command.swift; sourceTree = "<group>"; };
		OBJ_101 /* libc.c */ = {isa = PBXFileReference; lastKnownFileType = sourcecode.c.c; path = libc.c; sourceTree = "<group>"; };
		OBJ_103 /* clibc.h */ = {isa = PBXFileReference; lastKnownFileType = sourcecode.c.h; path = clibc.h; sourceTree = "<group>"; };
		OBJ_104 /* module.modulemap */ = {isa = PBXFileReference; lastKnownFileType = "sourcecode.module-map"; name = module.modulemap; path = "/Users/yiw/Uber/GitHub/needle/Tools/.build/checkouts/swift-package-manager.git-6645158280781904807/Sources/clibc/include/module.modulemap"; sourceTree = "<group>"; };
		OBJ_108 /* ArgumentParser.swift */ = {isa = PBXFileReference; lastKnownFileType = sourcecode.swift; path = ArgumentParser.swift; sourceTree = "<group>"; };
		OBJ_109 /* ArgumentParserShellCompletion.swift */ = {isa = PBXFileReference; lastKnownFileType = sourcecode.swift; path = ArgumentParserShellCompletion.swift; sourceTree = "<group>"; };
		OBJ_11 /* DeployCommand.swift */ = {isa = PBXFileReference; lastKnownFileType = sourcecode.swift; path = DeployCommand.swift; sourceTree = "<group>"; };
		OBJ_110 /* BuildFlags.swift */ = {isa = PBXFileReference; lastKnownFileType = sourcecode.swift; path = BuildFlags.swift; sourceTree = "<group>"; };
		OBJ_111 /* CollectionExtensions.swift */ = {isa = PBXFileReference; lastKnownFileType = sourcecode.swift; path = CollectionExtensions.swift; sourceTree = "<group>"; };
		OBJ_112 /* Diagnostics.swift */ = {isa = PBXFileReference; lastKnownFileType = sourcecode.swift; path = Diagnostics.swift; sourceTree = "<group>"; };
		OBJ_113 /* Git.swift */ = {isa = PBXFileReference; lastKnownFileType = sourcecode.swift; path = Git.swift; sourceTree = "<group>"; };
		OBJ_114 /* InterruptHandler.swift */ = {isa = PBXFileReference; lastKnownFileType = sourcecode.swift; path = InterruptHandler.swift; sourceTree = "<group>"; };
		OBJ_115 /* PkgConfig.swift */ = {isa = PBXFileReference; lastKnownFileType = sourcecode.swift; path = PkgConfig.swift; sourceTree = "<group>"; };
		OBJ_116 /* Platform.swift */ = {isa = PBXFileReference; lastKnownFileType = sourcecode.swift; path = Platform.swift; sourceTree = "<group>"; };
		OBJ_117 /* Process.swift */ = {isa = PBXFileReference; lastKnownFileType = sourcecode.swift; path = Process.swift; sourceTree = "<group>"; };
		OBJ_118 /* ProgressBar.swift */ = {isa = PBXFileReference; lastKnownFileType = sourcecode.swift; path = ProgressBar.swift; sourceTree = "<group>"; };
		OBJ_119 /* SimplePersistence.swift */ = {isa = PBXFileReference; lastKnownFileType = sourcecode.swift; path = SimplePersistence.swift; sourceTree = "<group>"; };
		OBJ_120 /* StringExtensions.swift */ = {isa = PBXFileReference; lastKnownFileType = sourcecode.swift; path = StringExtensions.swift; sourceTree = "<group>"; };
		OBJ_121 /* StringMangling.swift */ = {isa = PBXFileReference; lastKnownFileType = sourcecode.swift; path = StringMangling.swift; sourceTree = "<group>"; };
		OBJ_122 /* URL.swift */ = {isa = PBXFileReference; lastKnownFileType = sourcecode.swift; path = URL.swift; sourceTree = "<group>"; };
		OBJ_123 /* Verbosity.swift */ = {isa = PBXFileReference; lastKnownFileType = sourcecode.swift; path = Verbosity.swift; sourceTree = "<group>"; };
		OBJ_124 /* Version.swift */ = {isa = PBXFileReference; lastKnownFileType = sourcecode.swift; path = Version.swift; sourceTree = "<group>"; };
		OBJ_125 /* Versioning.swift */ = {isa = PBXFileReference; lastKnownFileType = sourcecode.swift; path = Versioning.swift; sourceTree = "<group>"; };
		OBJ_126 /* misc.swift */ = {isa = PBXFileReference; lastKnownFileType = sourcecode.swift; path = misc.swift; sourceTree = "<group>"; };
		OBJ_13 /* CompilerUtilities.swift */ = {isa = PBXFileReference; lastKnownFileType = sourcecode.swift; path = CompilerUtilities.swift; sourceTree = "<group>"; };
		OBJ_130 /* Package.swift */ = {isa = PBXFileReference; explicitFileType = sourcecode.swift; name = Package.swift; path = "/Users/yiw/Uber/GitHub/needle/Tools/.build/checkouts/swift-package-manager.git-6645158280781904807/Package.swift"; sourceTree = "<group>"; };
		OBJ_14 /* Paths.swift */ = {isa = PBXFileReference; lastKnownFileType = sourcecode.swift; path = Paths.swift; sourceTree = "<group>"; };
		OBJ_15 /* ProcessUtilities.swift */ = {isa = PBXFileReference; lastKnownFileType = sourcecode.swift; path = ProcessUtilities.swift; sourceTree = "<group>"; };
		OBJ_16 /* VersionString.swift */ = {isa = PBXFileReference; lastKnownFileType = sourcecode.swift; path = VersionString.swift; sourceTree = "<group>"; };
		OBJ_17 /* main.swift */ = {isa = PBXFileReference; lastKnownFileType = sourcecode.swift; path = main.swift; sourceTree = "<group>"; };
		OBJ_19 /* bin */ = {isa = PBXFileReference; lastKnownFileType = folder; path = bin; sourceTree = SOURCE_ROOT; };
		OBJ_20 /* Carthage */ = {isa = PBXFileReference; lastKnownFileType = folder; path = Carthage; sourceTree = SOURCE_ROOT; };
		OBJ_24 /* AtomicBool.swift */ = {isa = PBXFileReference; lastKnownFileType = sourcecode.swift; path = AtomicBool.swift; sourceTree = "<group>"; };
		OBJ_25 /* AtomicInt.swift */ = {isa = PBXFileReference; lastKnownFileType = sourcecode.swift; path = AtomicInt.swift; sourceTree = "<group>"; };
		OBJ_26 /* AtomicReference.swift */ = {isa = PBXFileReference; lastKnownFileType = sourcecode.swift; path = AtomicReference.swift; sourceTree = "<group>"; };
		OBJ_27 /* CountDownLatch.swift */ = {isa = PBXFileReference; lastKnownFileType = sourcecode.swift; path = CountDownLatch.swift; sourceTree = "<group>"; };
		OBJ_29 /* ConcurrentSequenceExecutor.swift */ = {isa = PBXFileReference; lastKnownFileType = sourcecode.swift; path = ConcurrentSequenceExecutor.swift; sourceTree = "<group>"; };
		OBJ_30 /* SequenceExecutor.swift */ = {isa = PBXFileReference; lastKnownFileType = sourcecode.swift; path = SequenceExecutor.swift; sourceTree = "<group>"; };
		OBJ_31 /* SerialSequenceExecutor.swift */ = {isa = PBXFileReference; lastKnownFileType = sourcecode.swift; path = SerialSequenceExecutor.swift; sourceTree = "<group>"; };
		OBJ_32 /* Task.swift */ = {isa = PBXFileReference; lastKnownFileType = sourcecode.swift; path = Task.swift; sourceTree = "<group>"; };
		OBJ_33 /* Package.swift */ = {isa = PBXFileReference; explicitFileType = sourcecode.swift; name = Package.swift; path = "/Users/yiw/Uber/GitHub/needle/Tools/.build/checkouts/swift-concurrency.git--7626727041407561448/Package.swift"; sourceTree = "<group>"; };
		OBJ_37 /* Await.swift */ = {isa = PBXFileReference; lastKnownFileType = sourcecode.swift; path = Await.swift; sourceTree = "<group>"; };
		OBJ_38 /* ByteString.swift */ = {isa = PBXFileReference; lastKnownFileType = sourcecode.swift; path = ByteString.swift; sourceTree = "<group>"; };
		OBJ_39 /* CStringArray.swift */ = {isa = PBXFileReference; lastKnownFileType = sourcecode.swift; path = CStringArray.swift; sourceTree = "<group>"; };
		OBJ_40 /* CacheableSequence.swift */ = {isa = PBXFileReference; lastKnownFileType = sourcecode.swift; path = CacheableSequence.swift; sourceTree = "<group>"; };
		OBJ_41 /* CollectionAlgorithms.swift */ = {isa = PBXFileReference; lastKnownFileType = sourcecode.swift; path = CollectionAlgorithms.swift; sourceTree = "<group>"; };
		OBJ_42 /* CollectionExtensions.swift */ = {isa = PBXFileReference; lastKnownFileType = sourcecode.swift; path = CollectionExtensions.swift; sourceTree = "<group>"; };
		OBJ_43 /* Condition.swift */ = {isa = PBXFileReference; lastKnownFileType = sourcecode.swift; path = Condition.swift; sourceTree = "<group>"; };
		OBJ_44 /* DeltaAlgorithm.swift */ = {isa = PBXFileReference; lastKnownFileType = sourcecode.swift; path = DeltaAlgorithm.swift; sourceTree = "<group>"; };
		OBJ_45 /* DiagnosticsEngine.swift */ = {isa = PBXFileReference; lastKnownFileType = sourcecode.swift; path = DiagnosticsEngine.swift; sourceTree = "<group>"; };
		OBJ_46 /* DictionaryExtensions.swift */ = {isa = PBXFileReference; lastKnownFileType = sourcecode.swift; path = DictionaryExtensions.swift; sourceTree = "<group>"; };
		OBJ_47 /* DictionaryLiteralExtensions.swift */ = {isa = PBXFileReference; lastKnownFileType = sourcecode.swift; path = DictionaryLiteralExtensions.swift; sourceTree = "<group>"; };
		OBJ_48 /* EditDistance.swift */ = {isa = PBXFileReference; lastKnownFileType = sourcecode.swift; path = EditDistance.swift; sourceTree = "<group>"; };
		OBJ_49 /* FileSystem.swift */ = {isa = PBXFileReference; lastKnownFileType = sourcecode.swift; path = FileSystem.swift; sourceTree = "<group>"; };
		OBJ_50 /* GraphAlgorithms.swift */ = {isa = PBXFileReference; lastKnownFileType = sourcecode.swift; path = GraphAlgorithms.swift; sourceTree = "<group>"; };
		OBJ_51 /* JSON.swift */ = {isa = PBXFileReference; lastKnownFileType = sourcecode.swift; path = JSON.swift; sourceTree = "<group>"; };
		OBJ_52 /* JSONMapper.swift */ = {isa = PBXFileReference; lastKnownFileType = sourcecode.swift; path = JSONMapper.swift; sourceTree = "<group>"; };
		OBJ_53 /* KeyedPair.swift */ = {isa = PBXFileReference; lastKnownFileType = sourcecode.swift; path = KeyedPair.swift; sourceTree = "<group>"; };
		OBJ_54 /* LazyCache.swift */ = {isa = PBXFileReference; lastKnownFileType = sourcecode.swift; path = LazyCache.swift; sourceTree = "<group>"; };
		OBJ_55 /* Lock.swift */ = {isa = PBXFileReference; lastKnownFileType = sourcecode.swift; path = Lock.swift; sourceTree = "<group>"; };
		OBJ_56 /* ObjectIdentifierProtocol.swift */ = {isa = PBXFileReference; lastKnownFileType = sourcecode.swift; path = ObjectIdentifierProtocol.swift; sourceTree = "<group>"; };
		OBJ_57 /* OrderedDictionary.swift */ = {isa = PBXFileReference; lastKnownFileType = sourcecode.swift; path = OrderedDictionary.swift; sourceTree = "<group>"; };
		OBJ_58 /* OrderedSet.swift */ = {isa = PBXFileReference; lastKnownFileType = sourcecode.swift; path = OrderedSet.swift; sourceTree = "<group>"; };
		OBJ_59 /* OutputByteStream.swift */ = {isa = PBXFileReference; lastKnownFileType = sourcecode.swift; path = OutputByteStream.swift; sourceTree = "<group>"; };
		OBJ_6 /* Package.swift */ = {isa = PBXFileReference; explicitFileType = sourcecode.swift; path = Package.swift; sourceTree = "<group>"; };
		OBJ_60 /* Path.swift */ = {isa = PBXFileReference; lastKnownFileType = sourcecode.swift; path = Path.swift; sourceTree = "<group>"; };
		OBJ_61 /* PathShims.swift */ = {isa = PBXFileReference; lastKnownFileType = sourcecode.swift; path = PathShims.swift; sourceTree = "<group>"; };
		OBJ_62 /* Process.swift */ = {isa = PBXFileReference; lastKnownFileType = sourcecode.swift; path = Process.swift; sourceTree = "<group>"; };
		OBJ_63 /* ProcessSet.swift */ = {isa = PBXFileReference; lastKnownFileType = sourcecode.swift; path = ProcessSet.swift; sourceTree = "<group>"; };
		OBJ_64 /* RegEx.swift */ = {isa = PBXFileReference; lastKnownFileType = sourcecode.swift; path = RegEx.swift; sourceTree = "<group>"; };
		OBJ_65 /* Result.swift */ = {isa = PBXFileReference; lastKnownFileType = sourcecode.swift; path = Result.swift; sourceTree = "<group>"; };
		OBJ_66 /* SHA256.swift */ = {isa = PBXFileReference; lastKnownFileType = sourcecode.swift; path = SHA256.swift; sourceTree = "<group>"; };
		OBJ_67 /* SortedArray.swift */ = {isa = PBXFileReference; lastKnownFileType = sourcecode.swift; path = SortedArray.swift; sourceTree = "<group>"; };
		OBJ_68 /* StringConversions.swift */ = {isa = PBXFileReference; lastKnownFileType = sourcecode.swift; path = StringConversions.swift; sourceTree = "<group>"; };
		OBJ_69 /* SynchronizedQueue.swift */ = {isa = PBXFileReference; lastKnownFileType = sourcecode.swift; path = SynchronizedQueue.swift; sourceTree = "<group>"; };
		OBJ_70 /* TemporaryFile.swift */ = {isa = PBXFileReference; lastKnownFileType = sourcecode.swift; path = TemporaryFile.swift; sourceTree = "<group>"; };
		OBJ_71 /* TerminalController.swift */ = {isa = PBXFileReference; lastKnownFileType = sourcecode.swift; path = TerminalController.swift; sourceTree = "<group>"; };
		OBJ_72 /* Thread.swift */ = {isa = PBXFileReference; lastKnownFileType = sourcecode.swift; path = Thread.swift; sourceTree = "<group>"; };
		OBJ_73 /* Tuple.swift */ = {isa = PBXFileReference; lastKnownFileType = sourcecode.swift; path = Tuple.swift; sourceTree = "<group>"; };
		OBJ_74 /* misc.swift */ = {isa = PBXFileReference; lastKnownFileType = sourcecode.swift; path = misc.swift; sourceTree = "<group>"; };
		OBJ_79 /* Error.swift */ = {isa = PBXFileReference; lastKnownFileType = sourcecode.swift; path = Error.swift; sourceTree = "<group>"; };
		OBJ_80 /* chdir.swift */ = {isa = PBXFileReference; lastKnownFileType = sourcecode.swift; path = chdir.swift; sourceTree = "<group>"; };
		OBJ_81 /* env.swift */ = {isa = PBXFileReference; lastKnownFileType = sourcecode.swift; path = env.swift; sourceTree = "<group>"; };
		OBJ_82 /* exit.swift */ = {isa = PBXFileReference; lastKnownFileType = sourcecode.swift; path = exit.swift; sourceTree = "<group>"; };
		OBJ_83 /* getcwd.swift */ = {isa = PBXFileReference; lastKnownFileType = sourcecode.swift; path = getcwd.swift; sourceTree = "<group>"; };
		OBJ_84 /* isatty.swift */ = {isa = PBXFileReference; lastKnownFileType = sourcecode.swift; path = isatty.swift; sourceTree = "<group>"; };
		OBJ_85 /* readdir.swift */ = {isa = PBXFileReference; lastKnownFileType = sourcecode.swift; path = readdir.swift; sourceTree = "<group>"; };
		OBJ_86 /* realpath.swift */ = {isa = PBXFileReference; lastKnownFileType = sourcecode.swift; path = realpath.swift; sourceTree = "<group>"; };
		OBJ_87 /* rename.swift */ = {isa = PBXFileReference; lastKnownFileType = sourcecode.swift; path = rename.swift; sourceTree = "<group>"; };
		OBJ_88 /* stat.swift */ = {isa = PBXFileReference; lastKnownFileType = sourcecode.swift; path = stat.swift; sourceTree = "<group>"; };
		OBJ_89 /* usleep.swift */ = {isa = PBXFileReference; lastKnownFileType = sourcecode.swift; path = usleep.swift; sourceTree = "<group>"; };
		OBJ_9 /* AbstractCommand.swift */ = {isa = PBXFileReference; lastKnownFileType = sourcecode.swift; path = AbstractCommand.swift; sourceTree = "<group>"; };
		OBJ_97 /* libc.swift */ = {isa = PBXFileReference; lastKnownFileType = sourcecode.swift; path = libc.swift; sourceTree = "<group>"; };
		"SwiftPM::Basic::Product" /* Basic.framework */ = {isa = PBXFileReference; lastKnownFileType = wrapper.framework; path = Basic.framework; sourceTree = BUILT_PRODUCTS_DIR; };
		"SwiftPM::POSIX::Product" /* POSIX.framework */ = {isa = PBXFileReference; lastKnownFileType = wrapper.framework; path = POSIX.framework; sourceTree = BUILT_PRODUCTS_DIR; };
		"SwiftPM::SPMLibc::Product" /* SPMLibc.framework */ = {isa = PBXFileReference; lastKnownFileType = wrapper.framework; path = SPMLibc.framework; sourceTree = BUILT_PRODUCTS_DIR; };
		"SwiftPM::Utility::Product" /* Utility.framework */ = {isa = PBXFileReference; lastKnownFileType = wrapper.framework; path = Utility.framework; sourceTree = BUILT_PRODUCTS_DIR; };
		"SwiftPM::clibc::Product" /* clibc.framework */ = {isa = PBXFileReference; lastKnownFileType = wrapper.framework; path = clibc.framework; sourceTree = BUILT_PRODUCTS_DIR; };
/* End PBXFileReference section */

/* Begin PBXFrameworksBuildPhase section */
		OBJ_182 /* Frameworks */ = {
			isa = PBXFrameworksBuildPhase;
			buildActionMask = 0;
			files = (
				OBJ_183 /* POSIX.framework in Frameworks */,
				OBJ_184 /* SPMLibc.framework in Frameworks */,
				OBJ_185 /* clibc.framework in Frameworks */,
			);
			runOnlyForDeploymentPostprocessing = 0;
		};
		OBJ_205 /* Frameworks */ = {
			isa = PBXFrameworksBuildPhase;
			buildActionMask = 0;
			files = (
			);
			runOnlyForDeploymentPostprocessing = 0;
		};
		OBJ_233 /* Frameworks */ = {
			isa = PBXFrameworksBuildPhase;
			buildActionMask = 0;
			files = (
				OBJ_234 /* SPMLibc.framework in Frameworks */,
				OBJ_235 /* clibc.framework in Frameworks */,
			);
			runOnlyForDeploymentPostprocessing = 0;
		};
		OBJ_243 /* Frameworks */ = {
			isa = PBXFrameworksBuildPhase;
			buildActionMask = 0;
			files = (
				OBJ_244 /* clibc.framework in Frameworks */,
			);
			runOnlyForDeploymentPostprocessing = 0;
		};
		OBJ_276 /* Frameworks */ = {
			isa = PBXFrameworksBuildPhase;
			buildActionMask = 0;
			files = (
				OBJ_277 /* Basic.framework in Frameworks */,
				OBJ_278 /* POSIX.framework in Frameworks */,
				OBJ_279 /* SPMLibc.framework in Frameworks */,
				OBJ_280 /* clibc.framework in Frameworks */,
			);
			runOnlyForDeploymentPostprocessing = 0;
		};
		OBJ_290 /* Frameworks */ = {
			isa = PBXFrameworksBuildPhase;
			buildActionMask = 0;
			files = (
			);
			runOnlyForDeploymentPostprocessing = 0;
		};
		OBJ_304 /* Frameworks */ = {
			isa = PBXFrameworksBuildPhase;
			buildActionMask = 0;
			files = (
				OBJ_305 /* Utility.framework in Frameworks */,
				41E114E421ACA5AC00156CC3 /* AFNetworking.framework in Frameworks */,
				OBJ_306 /* Basic.framework in Frameworks */,
				41E114E521ACA5AC00156CC3 /* ReactiveCocoa.framework in Frameworks */,
				41E114E121ACA5AC00156CC3 /* ISO8601DateFormatter.framework in Frameworks */,
				41E114E321ACA5AC00156CC3 /* OctoKit.framework in Frameworks */,
				OBJ_307 /* POSIX.framework in Frameworks */,
				OBJ_308 /* SPMLibc.framework in Frameworks */,
				41E114E221ACA5AC00156CC3 /* Mantle.framework in Frameworks */,
				OBJ_309 /* clibc.framework in Frameworks */,
				OBJ_310 /* Concurrency.framework in Frameworks */,
			);
			runOnlyForDeploymentPostprocessing = 0;
		};
/* End PBXFrameworksBuildPhase section */

/* Begin PBXGroup section */
		41E114DB21ACA59900156CC3 /* Frameworks */ = {
			isa = PBXGroup;
			children = (
				41E114DF21ACA5AC00156CC3 /* AFNetworking.framework */,
				41E114DC21ACA5AC00156CC3 /* ISO8601DateFormatter.framework */,
				41E114DD21ACA5AC00156CC3 /* Mantle.framework */,
				41E114DE21ACA5AC00156CC3 /* OctoKit.framework */,
				41E114E021ACA5AC00156CC3 /* ReactiveCocoa.framework */,
			);
			name = Frameworks;
			sourceTree = "<group>";
		};
		OBJ_100 /* clibc */ = {
			isa = PBXGroup;
			children = (
				OBJ_101 /* libc.c */,
				OBJ_102 /* include */,
			);
			name = clibc;
			path = ".build/checkouts/swift-package-manager.git-6645158280781904807/Sources/clibc";
			sourceTree = SOURCE_ROOT;
		};
		OBJ_102 /* include */ = {
			isa = PBXGroup;
			children = (
				OBJ_103 /* clibc.h */,
				OBJ_104 /* module.modulemap */,
			);
			path = include;
			sourceTree = "<group>";
		};
		OBJ_105 /* swift-package */ = {
			isa = PBXGroup;
			children = (
			);
			name = "swift-package";
			path = ".build/checkouts/swift-package-manager.git-6645158280781904807/Sources/swift-package";
			sourceTree = SOURCE_ROOT;
		};
		OBJ_106 /* swift-run */ = {
			isa = PBXGroup;
			children = (
			);
			name = "swift-run";
			path = ".build/checkouts/swift-package-manager.git-6645158280781904807/Sources/swift-run";
			sourceTree = SOURCE_ROOT;
		};
		OBJ_107 /* Utility */ = {
			isa = PBXGroup;
			children = (
				OBJ_108 /* ArgumentParser.swift */,
				OBJ_109 /* ArgumentParserShellCompletion.swift */,
				OBJ_110 /* BuildFlags.swift */,
				OBJ_111 /* CollectionExtensions.swift */,
				OBJ_112 /* Diagnostics.swift */,
				OBJ_113 /* Git.swift */,
				OBJ_114 /* InterruptHandler.swift */,
				OBJ_115 /* PkgConfig.swift */,
				OBJ_116 /* Platform.swift */,
				OBJ_117 /* Process.swift */,
				OBJ_118 /* ProgressBar.swift */,
				OBJ_119 /* SimplePersistence.swift */,
				OBJ_120 /* StringExtensions.swift */,
				OBJ_121 /* StringMangling.swift */,
				OBJ_122 /* URL.swift */,
				OBJ_123 /* Verbosity.swift */,
				OBJ_124 /* Version.swift */,
				OBJ_125 /* Versioning.swift */,
				OBJ_126 /* misc.swift */,
			);
			name = Utility;
			path = ".build/checkouts/swift-package-manager.git-6645158280781904807/Sources/Utility";
			sourceTree = SOURCE_ROOT;
		};
		OBJ_12 /* Utilities */ = {
			isa = PBXGroup;
			children = (
				OBJ_13 /* CompilerUtilities.swift */,
				OBJ_14 /* Paths.swift */,
				OBJ_15 /* ProcessUtilities.swift */,
				OBJ_16 /* VersionString.swift */,
				41E114ED21ACCFDA00156CC3 /* GitUtilities.swift */,
			);
			path = Utilities;
			sourceTree = "<group>";
		};
		OBJ_127 /* Workspace */ = {
			isa = PBXGroup;
			children = (
			);
			name = Workspace;
			path = ".build/checkouts/swift-package-manager.git-6645158280781904807/Sources/Workspace";
			sourceTree = SOURCE_ROOT;
		};
		OBJ_128 /* Xcodeproj */ = {
			isa = PBXGroup;
			children = (
			);
			name = Xcodeproj;
			path = ".build/checkouts/swift-package-manager.git-6645158280781904807/Sources/Xcodeproj";
			sourceTree = SOURCE_ROOT;
		};
		OBJ_129 /* swift-build */ = {
			isa = PBXGroup;
			children = (
			);
			name = "swift-build";
			path = ".build/checkouts/swift-package-manager.git-6645158280781904807/Sources/swift-build";
			sourceTree = SOURCE_ROOT;
		};
		OBJ_131 /* Products */ = {
			isa = PBXGroup;
			children = (
				"NeedleTools::needletools::Product" /* needletools */,
				"Concurrency::Concurrency::Product" /* Concurrency.framework */,
				"SwiftPM::Utility::Product" /* Utility.framework */,
				"SwiftPM::POSIX::Product" /* POSIX.framework */,
				"SwiftPM::clibc::Product" /* clibc.framework */,
				"SwiftPM::SPMLibc::Product" /* SPMLibc.framework */,
				"SwiftPM::Basic::Product" /* Basic.framework */,
			);
			name = Products;
			sourceTree = BUILT_PRODUCTS_DIR;
		};
		OBJ_21 /* Dependencies */ = {
			isa = PBXGroup;
			children = (
				OBJ_22 /* Concurrency 0.6.1 */,
				OBJ_34 /* SwiftPM 0.3.0 */,
			);
			name = Dependencies;
			sourceTree = "<group>";
		};
		OBJ_22 /* Concurrency 0.6.1 */ = {
			isa = PBXGroup;
			children = (
				OBJ_23 /* Concurrency */,
				OBJ_33 /* Package.swift */,
			);
			name = "Concurrency 0.6.1";
			sourceTree = SOURCE_ROOT;
		};
		OBJ_23 /* Concurrency */ = {
			isa = PBXGroup;
			children = (
				OBJ_24 /* AtomicBool.swift */,
				OBJ_25 /* AtomicInt.swift */,
				OBJ_26 /* AtomicReference.swift */,
				OBJ_27 /* CountDownLatch.swift */,
				OBJ_28 /* Executor */,
			);
			name = Concurrency;
			path = ".build/checkouts/swift-concurrency.git--7626727041407561448/Sources/Concurrency";
			sourceTree = SOURCE_ROOT;
		};
		OBJ_28 /* Executor */ = {
			isa = PBXGroup;
			children = (
				OBJ_29 /* ConcurrentSequenceExecutor.swift */,
				OBJ_30 /* SequenceExecutor.swift */,
				OBJ_31 /* SerialSequenceExecutor.swift */,
				OBJ_32 /* Task.swift */,
			);
			path = Executor;
			sourceTree = "<group>";
		};
		OBJ_34 /* SwiftPM 0.3.0 */ = {
			isa = PBXGroup;
			children = (
				OBJ_35 /* PackageDescription4 */,
				OBJ_36 /* Basic */,
				OBJ_75 /* PackageModel */,
				OBJ_76 /* PackageDescription */,
				OBJ_77 /* Build */,
				OBJ_78 /* POSIX */,
				OBJ_90 /* swiftpm-xctest-helper */,
				OBJ_91 /* swift-test */,
				OBJ_92 /* Commands */,
				OBJ_93 /* PackageLoading */,
				OBJ_94 /* TestSupport */,
				OBJ_95 /* TestSupportExecutable */,
				OBJ_96 /* SPMLibc */,
				OBJ_98 /* PackageGraph */,
				OBJ_99 /* SourceControl */,
				OBJ_100 /* clibc */,
				OBJ_105 /* swift-package */,
				OBJ_106 /* swift-run */,
				OBJ_107 /* Utility */,
				OBJ_127 /* Workspace */,
				OBJ_128 /* Xcodeproj */,
				OBJ_129 /* swift-build */,
				OBJ_130 /* Package.swift */,
			);
			name = "SwiftPM 0.3.0";
			sourceTree = SOURCE_ROOT;
		};
		OBJ_35 /* PackageDescription4 */ = {
			isa = PBXGroup;
			children = (
			);
			name = PackageDescription4;
			path = ".build/checkouts/swift-package-manager.git-6645158280781904807/Sources/PackageDescription4";
			sourceTree = SOURCE_ROOT;
		};
		OBJ_36 /* Basic */ = {
			isa = PBXGroup;
			children = (
				OBJ_37 /* Await.swift */,
				OBJ_38 /* ByteString.swift */,
				OBJ_39 /* CStringArray.swift */,
				OBJ_40 /* CacheableSequence.swift */,
				OBJ_41 /* CollectionAlgorithms.swift */,
				OBJ_42 /* CollectionExtensions.swift */,
				OBJ_43 /* Condition.swift */,
				OBJ_44 /* DeltaAlgorithm.swift */,
				OBJ_45 /* DiagnosticsEngine.swift */,
				OBJ_46 /* DictionaryExtensions.swift */,
				OBJ_47 /* DictionaryLiteralExtensions.swift */,
				OBJ_48 /* EditDistance.swift */,
				OBJ_49 /* FileSystem.swift */,
				OBJ_50 /* GraphAlgorithms.swift */,
				OBJ_51 /* JSON.swift */,
				OBJ_52 /* JSONMapper.swift */,
				OBJ_53 /* KeyedPair.swift */,
				OBJ_54 /* LazyCache.swift */,
				OBJ_55 /* Lock.swift */,
				OBJ_56 /* ObjectIdentifierProtocol.swift */,
				OBJ_57 /* OrderedDictionary.swift */,
				OBJ_58 /* OrderedSet.swift */,
				OBJ_59 /* OutputByteStream.swift */,
				OBJ_60 /* Path.swift */,
				OBJ_61 /* PathShims.swift */,
				OBJ_62 /* Process.swift */,
				OBJ_63 /* ProcessSet.swift */,
				OBJ_64 /* RegEx.swift */,
				OBJ_65 /* Result.swift */,
				OBJ_66 /* SHA256.swift */,
				OBJ_67 /* SortedArray.swift */,
				OBJ_68 /* StringConversions.swift */,
				OBJ_69 /* SynchronizedQueue.swift */,
				OBJ_70 /* TemporaryFile.swift */,
				OBJ_71 /* TerminalController.swift */,
				OBJ_72 /* Thread.swift */,
				OBJ_73 /* Tuple.swift */,
				OBJ_74 /* misc.swift */,
			);
			name = Basic;
			path = ".build/checkouts/swift-package-manager.git-6645158280781904807/Sources/Basic";
			sourceTree = SOURCE_ROOT;
		};
		OBJ_5 = {
			isa = PBXGroup;
			children = (
				OBJ_6 /* Package.swift */,
				OBJ_7 /* Sources */,
				OBJ_19 /* bin */,
				OBJ_20 /* Carthage */,
				OBJ_21 /* Dependencies */,
				OBJ_131 /* Products */,
				41E114DB21ACA59900156CC3 /* Frameworks */,
			);
			sourceTree = "<group>";
		};
		OBJ_7 /* Sources */ = {
			isa = PBXGroup;
			children = (
				OBJ_8 /* needletools */,
			);
			name = Sources;
			sourceTree = SOURCE_ROOT;
		};
		OBJ_75 /* PackageModel */ = {
			isa = PBXGroup;
			children = (
			);
			name = PackageModel;
			path = ".build/checkouts/swift-package-manager.git-6645158280781904807/Sources/PackageModel";
			sourceTree = SOURCE_ROOT;
		};
		OBJ_76 /* PackageDescription */ = {
			isa = PBXGroup;
			children = (
			);
			name = PackageDescription;
			path = ".build/checkouts/swift-package-manager.git-6645158280781904807/Sources/PackageDescription";
			sourceTree = SOURCE_ROOT;
		};
		OBJ_77 /* Build */ = {
			isa = PBXGroup;
			children = (
			);
			name = Build;
			path = ".build/checkouts/swift-package-manager.git-6645158280781904807/Sources/Build";
			sourceTree = SOURCE_ROOT;
		};
		OBJ_78 /* POSIX */ = {
			isa = PBXGroup;
			children = (
				OBJ_79 /* Error.swift */,
				OBJ_80 /* chdir.swift */,
				OBJ_81 /* env.swift */,
				OBJ_82 /* exit.swift */,
				OBJ_83 /* getcwd.swift */,
				OBJ_84 /* isatty.swift */,
				OBJ_85 /* readdir.swift */,
				OBJ_86 /* realpath.swift */,
				OBJ_87 /* rename.swift */,
				OBJ_88 /* stat.swift */,
				OBJ_89 /* usleep.swift */,
			);
			name = POSIX;
			path = ".build/checkouts/swift-package-manager.git-6645158280781904807/Sources/POSIX";
			sourceTree = SOURCE_ROOT;
		};
		OBJ_8 /* needletools */ = {
			isa = PBXGroup;
			children = (
				OBJ_9 /* AbstractCommand.swift */,
				OBJ_10 /* Command.swift */,
				OBJ_11 /* DeployCommand.swift */,
				OBJ_12 /* Utilities */,
				OBJ_17 /* main.swift */,
			);
			name = needletools;
			path = Sources/needletools;
			sourceTree = SOURCE_ROOT;
		};
		OBJ_90 /* swiftpm-xctest-helper */ = {
			isa = PBXGroup;
			children = (
			);
			name = "swiftpm-xctest-helper";
			path = ".build/checkouts/swift-package-manager.git-6645158280781904807/Sources/swiftpm-xctest-helper";
			sourceTree = SOURCE_ROOT;
		};
		OBJ_91 /* swift-test */ = {
			isa = PBXGroup;
			children = (
			);
			name = "swift-test";
			path = ".build/checkouts/swift-package-manager.git-6645158280781904807/Sources/swift-test";
			sourceTree = SOURCE_ROOT;
		};
		OBJ_92 /* Commands */ = {
			isa = PBXGroup;
			children = (
			);
			name = Commands;
			path = ".build/checkouts/swift-package-manager.git-6645158280781904807/Sources/Commands";
			sourceTree = SOURCE_ROOT;
		};
		OBJ_93 /* PackageLoading */ = {
			isa = PBXGroup;
			children = (
			);
			name = PackageLoading;
			path = ".build/checkouts/swift-package-manager.git-6645158280781904807/Sources/PackageLoading";
			sourceTree = SOURCE_ROOT;
		};
		OBJ_94 /* TestSupport */ = {
			isa = PBXGroup;
			children = (
			);
			name = TestSupport;
			path = ".build/checkouts/swift-package-manager.git-6645158280781904807/Sources/TestSupport";
			sourceTree = SOURCE_ROOT;
		};
		OBJ_95 /* TestSupportExecutable */ = {
			isa = PBXGroup;
			children = (
			);
			name = TestSupportExecutable;
			path = ".build/checkouts/swift-package-manager.git-6645158280781904807/Sources/TestSupportExecutable";
			sourceTree = SOURCE_ROOT;
		};
		OBJ_96 /* SPMLibc */ = {
			isa = PBXGroup;
			children = (
				OBJ_97 /* libc.swift */,
			);
			name = SPMLibc;
			path = ".build/checkouts/swift-package-manager.git-6645158280781904807/Sources/SPMLibc";
			sourceTree = SOURCE_ROOT;
		};
		OBJ_98 /* PackageGraph */ = {
			isa = PBXGroup;
			children = (
			);
			name = PackageGraph;
			path = ".build/checkouts/swift-package-manager.git-6645158280781904807/Sources/PackageGraph";
			sourceTree = SOURCE_ROOT;
		};
		OBJ_99 /* SourceControl */ = {
			isa = PBXGroup;
			children = (
			);
			name = SourceControl;
			path = ".build/checkouts/swift-package-manager.git-6645158280781904807/Sources/SourceControl";
			sourceTree = SOURCE_ROOT;
		};
/* End PBXGroup section */

/* Begin PBXNativeTarget section */
		"Concurrency::Concurrency" /* Concurrency */ = {
			isa = PBXNativeTarget;
			buildConfigurationList = OBJ_193 /* Build configuration list for PBXNativeTarget "Concurrency" */;
			buildPhases = (
				OBJ_196 /* Sources */,
				OBJ_205 /* Frameworks */,
			);
			buildRules = (
			);
			dependencies = (
			);
			name = Concurrency;
			productName = Concurrency;
			productReference = "Concurrency::Concurrency::Product" /* Concurrency.framework */;
			productType = "com.apple.product-type.framework";
		};
		"Concurrency::SwiftPMPackageDescription" /* ConcurrencyPackageDescription */ = {
			isa = PBXNativeTarget;
			buildConfigurationList = OBJ_207 /* Build configuration list for PBXNativeTarget "ConcurrencyPackageDescription" */;
			buildPhases = (
				OBJ_210 /* Sources */,
			);
			buildRules = (
			);
			dependencies = (
			);
			name = ConcurrencyPackageDescription;
			productName = ConcurrencyPackageDescription;
			productType = "com.apple.product-type.framework";
		};
		"NeedleTools::SwiftPMPackageDescription" /* NeedleToolsPackageDescription */ = {
			isa = PBXNativeTarget;
			buildConfigurationList = OBJ_213 /* Build configuration list for PBXNativeTarget "NeedleToolsPackageDescription" */;
			buildPhases = (
				OBJ_216 /* Sources */,
			);
			buildRules = (
			);
			dependencies = (
			);
			name = NeedleToolsPackageDescription;
			productName = NeedleToolsPackageDescription;
			productType = "com.apple.product-type.framework";
		};
		"NeedleTools::needletools" /* needletools */ = {
			isa = PBXNativeTarget;
			buildConfigurationList = OBJ_292 /* Build configuration list for PBXNativeTarget "needletools" */;
			buildPhases = (
				OBJ_295 /* Sources */,
				OBJ_304 /* Frameworks */,
				41E114DA21ACA58800156CC3 /* CopyFiles */,
			);
			buildRules = (
			);
			dependencies = (
				OBJ_311 /* PBXTargetDependency */,
				OBJ_312 /* PBXTargetDependency */,
				OBJ_313 /* PBXTargetDependency */,
				OBJ_314 /* PBXTargetDependency */,
				OBJ_315 /* PBXTargetDependency */,
				OBJ_316 /* PBXTargetDependency */,
			);
			name = needletools;
			productName = needletools;
			productReference = "NeedleTools::needletools::Product" /* needletools */;
			productType = "com.apple.product-type.tool";
		};
		"SwiftPM::Basic" /* Basic */ = {
			isa = PBXNativeTarget;
			buildConfigurationList = OBJ_140 /* Build configuration list for PBXNativeTarget "Basic" */;
			buildPhases = (
				OBJ_143 /* Sources */,
				OBJ_182 /* Frameworks */,
			);
			buildRules = (
			);
			dependencies = (
				OBJ_186 /* PBXTargetDependency */,
				OBJ_188 /* PBXTargetDependency */,
				OBJ_190 /* PBXTargetDependency */,
			);
			name = Basic;
			productName = Basic;
			productReference = "SwiftPM::Basic::Product" /* Basic.framework */;
			productType = "com.apple.product-type.framework";
		};
		"SwiftPM::POSIX" /* POSIX */ = {
			isa = PBXNativeTarget;
			buildConfigurationList = OBJ_218 /* Build configuration list for PBXNativeTarget "POSIX" */;
			buildPhases = (
				OBJ_221 /* Sources */,
				OBJ_233 /* Frameworks */,
			);
			buildRules = (
			);
			dependencies = (
				OBJ_236 /* PBXTargetDependency */,
				OBJ_237 /* PBXTargetDependency */,
			);
			name = POSIX;
			productName = POSIX;
			productReference = "SwiftPM::POSIX::Product" /* POSIX.framework */;
			productType = "com.apple.product-type.framework";
		};
		"SwiftPM::SPMLibc" /* SPMLibc */ = {
			isa = PBXNativeTarget;
			buildConfigurationList = OBJ_238 /* Build configuration list for PBXNativeTarget "SPMLibc" */;
			buildPhases = (
				OBJ_241 /* Sources */,
				OBJ_243 /* Frameworks */,
			);
			buildRules = (
			);
			dependencies = (
				OBJ_245 /* PBXTargetDependency */,
			);
			name = SPMLibc;
			productName = SPMLibc;
			productReference = "SwiftPM::SPMLibc::Product" /* SPMLibc.framework */;
			productType = "com.apple.product-type.framework";
		};
		"SwiftPM::SwiftPMPackageDescription" /* SwiftPMPackageDescription */ = {
			isa = PBXNativeTarget;
			buildConfigurationList = OBJ_247 /* Build configuration list for PBXNativeTarget "SwiftPMPackageDescription" */;
			buildPhases = (
				OBJ_250 /* Sources */,
			);
			buildRules = (
			);
			dependencies = (
			);
			name = SwiftPMPackageDescription;
			productName = SwiftPMPackageDescription;
			productType = "com.apple.product-type.framework";
		};
		"SwiftPM::Utility" /* Utility */ = {
			isa = PBXNativeTarget;
			buildConfigurationList = OBJ_253 /* Build configuration list for PBXNativeTarget "Utility" */;
			buildPhases = (
				OBJ_256 /* Sources */,
				OBJ_276 /* Frameworks */,
			);
			buildRules = (
			);
			dependencies = (
				OBJ_281 /* PBXTargetDependency */,
				OBJ_282 /* PBXTargetDependency */,
				OBJ_283 /* PBXTargetDependency */,
				OBJ_284 /* PBXTargetDependency */,
			);
			name = Utility;
			productName = Utility;
			productReference = "SwiftPM::Utility::Product" /* Utility.framework */;
			productType = "com.apple.product-type.framework";
		};
		"SwiftPM::clibc" /* clibc */ = {
			isa = PBXNativeTarget;
			buildConfigurationList = OBJ_285 /* Build configuration list for PBXNativeTarget "clibc" */;
			buildPhases = (
				OBJ_288 /* Sources */,
				OBJ_290 /* Frameworks */,
			);
			buildRules = (
			);
			dependencies = (
			);
			name = clibc;
			productName = clibc;
			productReference = "SwiftPM::clibc::Product" /* clibc.framework */;
			productType = "com.apple.product-type.framework";
		};
/* End PBXNativeTarget section */

/* Begin PBXProject section */
		OBJ_1 /* Project object */ = {
			isa = PBXProject;
			attributes = {
				LastUpgradeCheck = 9999;
			};
			buildConfigurationList = OBJ_2 /* Build configuration list for PBXProject "NeedleTools" */;
			compatibilityVersion = "Xcode 3.2";
			developmentRegion = English;
			hasScannedForEncodings = 0;
			knownRegions = (
				en,
			);
			mainGroup = OBJ_5;
			productRefGroup = OBJ_131 /* Products */;
			projectDirPath = "";
			projectRoot = "";
			targets = (
				"SwiftPM::Basic" /* Basic */,
				"Concurrency::Concurrency" /* Concurrency */,
				"Concurrency::SwiftPMPackageDescription" /* ConcurrencyPackageDescription */,
				"NeedleTools::SwiftPMPackageDescription" /* NeedleToolsPackageDescription */,
				"SwiftPM::POSIX" /* POSIX */,
				"SwiftPM::SPMLibc" /* SPMLibc */,
				"SwiftPM::SwiftPMPackageDescription" /* SwiftPMPackageDescription */,
				"SwiftPM::Utility" /* Utility */,
				"SwiftPM::clibc" /* clibc */,
				"NeedleTools::needletools" /* needletools */,
			);
		};
/* End PBXProject section */

/* Begin PBXSourcesBuildPhase section */
		OBJ_143 /* Sources */ = {
			isa = PBXSourcesBuildPhase;
			buildActionMask = 0;
			files = (
				OBJ_144 /* Await.swift in Sources */,
				OBJ_145 /* ByteString.swift in Sources */,
				OBJ_146 /* CStringArray.swift in Sources */,
				OBJ_147 /* CacheableSequence.swift in Sources */,
				OBJ_148 /* CollectionAlgorithms.swift in Sources */,
				OBJ_149 /* CollectionExtensions.swift in Sources */,
				OBJ_150 /* Condition.swift in Sources */,
				OBJ_151 /* DeltaAlgorithm.swift in Sources */,
				OBJ_152 /* DiagnosticsEngine.swift in Sources */,
				OBJ_153 /* DictionaryExtensions.swift in Sources */,
				OBJ_154 /* DictionaryLiteralExtensions.swift in Sources */,
				OBJ_155 /* EditDistance.swift in Sources */,
				OBJ_156 /* FileSystem.swift in Sources */,
				OBJ_157 /* GraphAlgorithms.swift in Sources */,
				OBJ_158 /* JSON.swift in Sources */,
				OBJ_159 /* JSONMapper.swift in Sources */,
				OBJ_160 /* KeyedPair.swift in Sources */,
				OBJ_161 /* LazyCache.swift in Sources */,
				OBJ_162 /* Lock.swift in Sources */,
				OBJ_163 /* ObjectIdentifierProtocol.swift in Sources */,
				OBJ_164 /* OrderedDictionary.swift in Sources */,
				OBJ_165 /* OrderedSet.swift in Sources */,
				OBJ_166 /* OutputByteStream.swift in Sources */,
				OBJ_167 /* Path.swift in Sources */,
				OBJ_168 /* PathShims.swift in Sources */,
				OBJ_169 /* Process.swift in Sources */,
				OBJ_170 /* ProcessSet.swift in Sources */,
				OBJ_171 /* RegEx.swift in Sources */,
				OBJ_172 /* Result.swift in Sources */,
				OBJ_173 /* SHA256.swift in Sources */,
				OBJ_174 /* SortedArray.swift in Sources */,
				OBJ_175 /* StringConversions.swift in Sources */,
				OBJ_176 /* SynchronizedQueue.swift in Sources */,
				OBJ_177 /* TemporaryFile.swift in Sources */,
				OBJ_178 /* TerminalController.swift in Sources */,
				OBJ_179 /* Thread.swift in Sources */,
				OBJ_180 /* Tuple.swift in Sources */,
				OBJ_181 /* misc.swift in Sources */,
			);
			runOnlyForDeploymentPostprocessing = 0;
		};
		OBJ_196 /* Sources */ = {
			isa = PBXSourcesBuildPhase;
			buildActionMask = 0;
			files = (
				OBJ_197 /* AtomicBool.swift in Sources */,
				OBJ_198 /* AtomicInt.swift in Sources */,
				OBJ_199 /* AtomicReference.swift in Sources */,
				OBJ_200 /* CountDownLatch.swift in Sources */,
				OBJ_201 /* ConcurrentSequenceExecutor.swift in Sources */,
				OBJ_202 /* SequenceExecutor.swift in Sources */,
				OBJ_203 /* SerialSequenceExecutor.swift in Sources */,
				OBJ_204 /* Task.swift in Sources */,
			);
			runOnlyForDeploymentPostprocessing = 0;
		};
		OBJ_210 /* Sources */ = {
			isa = PBXSourcesBuildPhase;
			buildActionMask = 0;
			files = (
				OBJ_211 /* Package.swift in Sources */,
			);
			runOnlyForDeploymentPostprocessing = 0;
		};
		OBJ_216 /* Sources */ = {
			isa = PBXSourcesBuildPhase;
			buildActionMask = 0;
			files = (
				OBJ_217 /* Package.swift in Sources */,
			);
			runOnlyForDeploymentPostprocessing = 0;
		};
		OBJ_221 /* Sources */ = {
			isa = PBXSourcesBuildPhase;
			buildActionMask = 0;
			files = (
				OBJ_222 /* Error.swift in Sources */,
				OBJ_223 /* chdir.swift in Sources */,
				OBJ_224 /* env.swift in Sources */,
				OBJ_225 /* exit.swift in Sources */,
				OBJ_226 /* getcwd.swift in Sources */,
				OBJ_227 /* isatty.swift in Sources */,
				OBJ_228 /* readdir.swift in Sources */,
				OBJ_229 /* realpath.swift in Sources */,
				OBJ_230 /* rename.swift in Sources */,
				OBJ_231 /* stat.swift in Sources */,
				OBJ_232 /* usleep.swift in Sources */,
			);
			runOnlyForDeploymentPostprocessing = 0;
		};
		OBJ_241 /* Sources */ = {
			isa = PBXSourcesBuildPhase;
			buildActionMask = 0;
			files = (
				OBJ_242 /* libc.swift in Sources */,
			);
			runOnlyForDeploymentPostprocessing = 0;
		};
		OBJ_250 /* Sources */ = {
			isa = PBXSourcesBuildPhase;
			buildActionMask = 0;
			files = (
				OBJ_251 /* Package.swift in Sources */,
			);
			runOnlyForDeploymentPostprocessing = 0;
		};
		OBJ_256 /* Sources */ = {
			isa = PBXSourcesBuildPhase;
			buildActionMask = 0;
			files = (
				OBJ_257 /* ArgumentParser.swift in Sources */,
				OBJ_258 /* ArgumentParserShellCompletion.swift in Sources */,
				OBJ_259 /* BuildFlags.swift in Sources */,
				OBJ_260 /* CollectionExtensions.swift in Sources */,
				OBJ_261 /* Diagnostics.swift in Sources */,
				OBJ_262 /* Git.swift in Sources */,
				OBJ_263 /* InterruptHandler.swift in Sources */,
				OBJ_264 /* PkgConfig.swift in Sources */,
				OBJ_265 /* Platform.swift in Sources */,
				OBJ_266 /* Process.swift in Sources */,
				OBJ_267 /* ProgressBar.swift in Sources */,
				OBJ_268 /* SimplePersistence.swift in Sources */,
				OBJ_269 /* StringExtensions.swift in Sources */,
				OBJ_270 /* StringMangling.swift in Sources */,
				OBJ_271 /* URL.swift in Sources */,
				OBJ_272 /* Verbosity.swift in Sources */,
				OBJ_273 /* Version.swift in Sources */,
				OBJ_274 /* Versioning.swift in Sources */,
				OBJ_275 /* misc.swift in Sources */,
			);
			runOnlyForDeploymentPostprocessing = 0;
		};
		OBJ_288 /* Sources */ = {
			isa = PBXSourcesBuildPhase;
			buildActionMask = 0;
			files = (
				OBJ_289 /* libc.c in Sources */,
			);
			runOnlyForDeploymentPostprocessing = 0;
		};
		OBJ_295 /* Sources */ = {
			isa = PBXSourcesBuildPhase;
			buildActionMask = 0;
			files = (
				OBJ_296 /* AbstractCommand.swift in Sources */,
				41E114EE21ACCFDA00156CC3 /* GitUtilities.swift in Sources */,
				OBJ_297 /* Command.swift in Sources */,
				OBJ_298 /* DeployCommand.swift in Sources */,
				OBJ_299 /* CompilerUtilities.swift in Sources */,
				OBJ_300 /* Paths.swift in Sources */,
				OBJ_301 /* ProcessUtilities.swift in Sources */,
				OBJ_302 /* VersionString.swift in Sources */,
				OBJ_303 /* main.swift in Sources */,
			);
			runOnlyForDeploymentPostprocessing = 0;
		};
/* End PBXSourcesBuildPhase section */

/* Begin PBXTargetDependency section */
		OBJ_186 /* PBXTargetDependency */ = {
			isa = PBXTargetDependency;
			target = "SwiftPM::POSIX" /* POSIX */;
			targetProxy = 41E114CC21ACA56100156CC3 /* PBXContainerItemProxy */;
		};
		OBJ_188 /* PBXTargetDependency */ = {
			isa = PBXTargetDependency;
			target = "SwiftPM::SPMLibc" /* SPMLibc */;
			targetProxy = 41E114D021ACA56100156CC3 /* PBXContainerItemProxy */;
		};
		OBJ_190 /* PBXTargetDependency */ = {
			isa = PBXTargetDependency;
			target = "SwiftPM::clibc" /* clibc */;
			targetProxy = 41E114D121ACA56100156CC3 /* PBXContainerItemProxy */;
		};
		OBJ_236 /* PBXTargetDependency */ = {
			isa = PBXTargetDependency;
			target = "SwiftPM::SPMLibc" /* SPMLibc */;
			targetProxy = 41E114CD21ACA56100156CC3 /* PBXContainerItemProxy */;
		};
		OBJ_237 /* PBXTargetDependency */ = {
			isa = PBXTargetDependency;
			target = "SwiftPM::clibc" /* clibc */;
			targetProxy = 41E114CF21ACA56100156CC3 /* PBXContainerItemProxy */;
		};
		OBJ_245 /* PBXTargetDependency */ = {
			isa = PBXTargetDependency;
			target = "SwiftPM::clibc" /* clibc */;
			targetProxy = 41E114CE21ACA56100156CC3 /* PBXContainerItemProxy */;
		};
		OBJ_281 /* PBXTargetDependency */ = {
			isa = PBXTargetDependency;
			target = "SwiftPM::Basic" /* Basic */;
			targetProxy = 41E114CB21ACA56100156CC3 /* PBXContainerItemProxy */;
		};
		OBJ_282 /* PBXTargetDependency */ = {
			isa = PBXTargetDependency;
			target = "SwiftPM::POSIX" /* POSIX */;
			targetProxy = 41E114D221ACA56100156CC3 /* PBXContainerItemProxy */;
		};
		OBJ_283 /* PBXTargetDependency */ = {
			isa = PBXTargetDependency;
			target = "SwiftPM::SPMLibc" /* SPMLibc */;
			targetProxy = 41E114D321ACA56100156CC3 /* PBXContainerItemProxy */;
		};
		OBJ_284 /* PBXTargetDependency */ = {
			isa = PBXTargetDependency;
			target = "SwiftPM::clibc" /* clibc */;
			targetProxy = 41E114D421ACA56100156CC3 /* PBXContainerItemProxy */;
		};
		OBJ_311 /* PBXTargetDependency */ = {
			isa = PBXTargetDependency;
			target = "SwiftPM::Utility" /* Utility */;
			targetProxy = 41E114CA21ACA56100156CC3 /* PBXContainerItemProxy */;
		};
		OBJ_312 /* PBXTargetDependency */ = {
			isa = PBXTargetDependency;
			target = "SwiftPM::Basic" /* Basic */;
			targetProxy = 41E114D521ACA56100156CC3 /* PBXContainerItemProxy */;
		};
		OBJ_313 /* PBXTargetDependency */ = {
			isa = PBXTargetDependency;
			target = "SwiftPM::POSIX" /* POSIX */;
			targetProxy = 41E114D621ACA56100156CC3 /* PBXContainerItemProxy */;
		};
		OBJ_314 /* PBXTargetDependency */ = {
			isa = PBXTargetDependency;
			target = "SwiftPM::SPMLibc" /* SPMLibc */;
			targetProxy = 41E114D721ACA56100156CC3 /* PBXContainerItemProxy */;
		};
		OBJ_315 /* PBXTargetDependency */ = {
			isa = PBXTargetDependency;
			target = "SwiftPM::clibc" /* clibc */;
			targetProxy = 41E114D821ACA56100156CC3 /* PBXContainerItemProxy */;
		};
		OBJ_316 /* PBXTargetDependency */ = {
			isa = PBXTargetDependency;
			target = "Concurrency::Concurrency" /* Concurrency */;
			targetProxy = 41E114D921ACA56100156CC3 /* PBXContainerItemProxy */;
		};
/* End PBXTargetDependency section */

/* Begin XCBuildConfiguration section */
		OBJ_141 /* Debug */ = {
			isa = XCBuildConfiguration;
			buildSettings = {
				ENABLE_TESTABILITY = YES;
				FRAMEWORK_SEARCH_PATHS = (
					"$(inherited)",
					"$(PLATFORM_DIR)/Developer/Library/Frameworks",
				);
				HEADER_SEARCH_PATHS = (
					"$(inherited)",
					"$(SRCROOT)/.build/checkouts/swift-package-manager.git-6645158280781904807/Sources/clibc/include",
				);
				INFOPLIST_FILE = NeedleTools.xcodeproj/Basic_Info.plist;
				LD_RUNPATH_SEARCH_PATHS = "$(inherited) $(TOOLCHAIN_DIR)/usr/lib/swift/macosx";
				OTHER_CFLAGS = "$(inherited)";
				OTHER_LDFLAGS = "$(inherited)";
				OTHER_SWIFT_FLAGS = "$(inherited) -Xcc -fmodule-map-file=$(SRCROOT)/.build/checkouts/swift-package-manager.git-6645158280781904807/Sources/clibc/include/module.modulemap";
				PRODUCT_BUNDLE_IDENTIFIER = Basic;
				PRODUCT_MODULE_NAME = "$(TARGET_NAME:c99extidentifier)";
				PRODUCT_NAME = "$(TARGET_NAME:c99extidentifier)";
				SKIP_INSTALL = YES;
				SWIFT_ACTIVE_COMPILATION_CONDITIONS = "$(inherited)";
				SWIFT_VERSION = 4.0;
				TARGET_NAME = Basic;
			};
			name = Debug;
		};
		OBJ_142 /* Release */ = {
			isa = XCBuildConfiguration;
			buildSettings = {
				ENABLE_TESTABILITY = YES;
				FRAMEWORK_SEARCH_PATHS = (
					"$(inherited)",
					"$(PLATFORM_DIR)/Developer/Library/Frameworks",
				);
				HEADER_SEARCH_PATHS = (
					"$(inherited)",
					"$(SRCROOT)/.build/checkouts/swift-package-manager.git-6645158280781904807/Sources/clibc/include",
				);
				INFOPLIST_FILE = NeedleTools.xcodeproj/Basic_Info.plist;
				LD_RUNPATH_SEARCH_PATHS = "$(inherited) $(TOOLCHAIN_DIR)/usr/lib/swift/macosx";
				OTHER_CFLAGS = "$(inherited)";
				OTHER_LDFLAGS = "$(inherited)";
				OTHER_SWIFT_FLAGS = "$(inherited) -Xcc -fmodule-map-file=$(SRCROOT)/.build/checkouts/swift-package-manager.git-6645158280781904807/Sources/clibc/include/module.modulemap";
				PRODUCT_BUNDLE_IDENTIFIER = Basic;
				PRODUCT_MODULE_NAME = "$(TARGET_NAME:c99extidentifier)";
				PRODUCT_NAME = "$(TARGET_NAME:c99extidentifier)";
				SKIP_INSTALL = YES;
				SWIFT_ACTIVE_COMPILATION_CONDITIONS = "$(inherited)";
				SWIFT_VERSION = 4.0;
				TARGET_NAME = Basic;
			};
			name = Release;
		};
		OBJ_194 /* Debug */ = {
			isa = XCBuildConfiguration;
			buildSettings = {
				ENABLE_TESTABILITY = YES;
				FRAMEWORK_SEARCH_PATHS = (
					"$(inherited)",
					"$(PLATFORM_DIR)/Developer/Library/Frameworks",
				);
				HEADER_SEARCH_PATHS = "$(inherited)";
				INFOPLIST_FILE = NeedleTools.xcodeproj/Concurrency_Info.plist;
				LD_RUNPATH_SEARCH_PATHS = "$(inherited) $(TOOLCHAIN_DIR)/usr/lib/swift/macosx";
				OTHER_CFLAGS = "$(inherited)";
				OTHER_LDFLAGS = "$(inherited)";
				OTHER_SWIFT_FLAGS = "$(inherited)";
				PRODUCT_BUNDLE_IDENTIFIER = Concurrency;
				PRODUCT_MODULE_NAME = "$(TARGET_NAME:c99extidentifier)";
				PRODUCT_NAME = "$(TARGET_NAME:c99extidentifier)";
				SKIP_INSTALL = YES;
				SWIFT_ACTIVE_COMPILATION_CONDITIONS = "$(inherited)";
				SWIFT_VERSION = 4.0;
				TARGET_NAME = Concurrency;
			};
			name = Debug;
		};
		OBJ_195 /* Release */ = {
			isa = XCBuildConfiguration;
			buildSettings = {
				ENABLE_TESTABILITY = YES;
				FRAMEWORK_SEARCH_PATHS = (
					"$(inherited)",
					"$(PLATFORM_DIR)/Developer/Library/Frameworks",
				);
				HEADER_SEARCH_PATHS = "$(inherited)";
				INFOPLIST_FILE = NeedleTools.xcodeproj/Concurrency_Info.plist;
				LD_RUNPATH_SEARCH_PATHS = "$(inherited) $(TOOLCHAIN_DIR)/usr/lib/swift/macosx";
				OTHER_CFLAGS = "$(inherited)";
				OTHER_LDFLAGS = "$(inherited)";
				OTHER_SWIFT_FLAGS = "$(inherited)";
				PRODUCT_BUNDLE_IDENTIFIER = Concurrency;
				PRODUCT_MODULE_NAME = "$(TARGET_NAME:c99extidentifier)";
				PRODUCT_NAME = "$(TARGET_NAME:c99extidentifier)";
				SKIP_INSTALL = YES;
				SWIFT_ACTIVE_COMPILATION_CONDITIONS = "$(inherited)";
				SWIFT_VERSION = 4.0;
				TARGET_NAME = Concurrency;
			};
			name = Release;
		};
		OBJ_208 /* Debug */ = {
			isa = XCBuildConfiguration;
			buildSettings = {
				LD = /usr/bin/true;
				OTHER_SWIFT_FLAGS = "-swift-version 4 -I $(TOOLCHAIN_DIR)/usr/lib/swift/pm/4 -target x86_64-apple-macosx10.10 -sdk /Applications/Xcode.10.0.0.10A255.app/Contents/Developer/Platforms/MacOSX.platform/Developer/SDKs/MacOSX10.14.sdk";
				SWIFT_VERSION = 4.0;
			};
			name = Debug;
		};
		OBJ_209 /* Release */ = {
			isa = XCBuildConfiguration;
			buildSettings = {
				LD = /usr/bin/true;
				OTHER_SWIFT_FLAGS = "-swift-version 4 -I $(TOOLCHAIN_DIR)/usr/lib/swift/pm/4 -target x86_64-apple-macosx10.10 -sdk /Applications/Xcode.10.0.0.10A255.app/Contents/Developer/Platforms/MacOSX.platform/Developer/SDKs/MacOSX10.14.sdk";
				SWIFT_VERSION = 4.0;
			};
			name = Release;
		};
		OBJ_214 /* Debug */ = {
			isa = XCBuildConfiguration;
			buildSettings = {
				LD = /usr/bin/true;
				OTHER_SWIFT_FLAGS = "-swift-version 4 -I $(TOOLCHAIN_DIR)/usr/lib/swift/pm/4 -target x86_64-apple-macosx10.10 -sdk /Applications/Xcode.10.0.0.10A255.app/Contents/Developer/Platforms/MacOSX.platform/Developer/SDKs/MacOSX10.14.sdk";
				SWIFT_VERSION = 4.0;
			};
			name = Debug;
		};
		OBJ_215 /* Release */ = {
			isa = XCBuildConfiguration;
			buildSettings = {
				LD = /usr/bin/true;
				OTHER_SWIFT_FLAGS = "-swift-version 4 -I $(TOOLCHAIN_DIR)/usr/lib/swift/pm/4 -target x86_64-apple-macosx10.10 -sdk /Applications/Xcode.10.0.0.10A255.app/Contents/Developer/Platforms/MacOSX.platform/Developer/SDKs/MacOSX10.14.sdk";
				SWIFT_VERSION = 4.0;
			};
			name = Release;
		};
		OBJ_219 /* Debug */ = {
			isa = XCBuildConfiguration;
			buildSettings = {
				ENABLE_TESTABILITY = YES;
				FRAMEWORK_SEARCH_PATHS = (
					"$(inherited)",
					"$(PLATFORM_DIR)/Developer/Library/Frameworks",
				);
				HEADER_SEARCH_PATHS = (
					"$(inherited)",
					"$(SRCROOT)/.build/checkouts/swift-package-manager.git-6645158280781904807/Sources/clibc/include",
				);
				INFOPLIST_FILE = NeedleTools.xcodeproj/POSIX_Info.plist;
				LD_RUNPATH_SEARCH_PATHS = "$(inherited) $(TOOLCHAIN_DIR)/usr/lib/swift/macosx";
				OTHER_CFLAGS = "$(inherited)";
				OTHER_LDFLAGS = "$(inherited)";
				OTHER_SWIFT_FLAGS = "$(inherited) -Xcc -fmodule-map-file=$(SRCROOT)/.build/checkouts/swift-package-manager.git-6645158280781904807/Sources/clibc/include/module.modulemap";
				PRODUCT_BUNDLE_IDENTIFIER = POSIX;
				PRODUCT_MODULE_NAME = "$(TARGET_NAME:c99extidentifier)";
				PRODUCT_NAME = "$(TARGET_NAME:c99extidentifier)";
				SKIP_INSTALL = YES;
				SWIFT_ACTIVE_COMPILATION_CONDITIONS = "$(inherited)";
				SWIFT_VERSION = 4.0;
				TARGET_NAME = POSIX;
			};
			name = Debug;
		};
		OBJ_220 /* Release */ = {
			isa = XCBuildConfiguration;
			buildSettings = {
				ENABLE_TESTABILITY = YES;
				FRAMEWORK_SEARCH_PATHS = (
					"$(inherited)",
					"$(PLATFORM_DIR)/Developer/Library/Frameworks",
				);
				HEADER_SEARCH_PATHS = (
					"$(inherited)",
					"$(SRCROOT)/.build/checkouts/swift-package-manager.git-6645158280781904807/Sources/clibc/include",
				);
				INFOPLIST_FILE = NeedleTools.xcodeproj/POSIX_Info.plist;
				LD_RUNPATH_SEARCH_PATHS = "$(inherited) $(TOOLCHAIN_DIR)/usr/lib/swift/macosx";
				OTHER_CFLAGS = "$(inherited)";
				OTHER_LDFLAGS = "$(inherited)";
				OTHER_SWIFT_FLAGS = "$(inherited) -Xcc -fmodule-map-file=$(SRCROOT)/.build/checkouts/swift-package-manager.git-6645158280781904807/Sources/clibc/include/module.modulemap";
				PRODUCT_BUNDLE_IDENTIFIER = POSIX;
				PRODUCT_MODULE_NAME = "$(TARGET_NAME:c99extidentifier)";
				PRODUCT_NAME = "$(TARGET_NAME:c99extidentifier)";
				SKIP_INSTALL = YES;
				SWIFT_ACTIVE_COMPILATION_CONDITIONS = "$(inherited)";
				SWIFT_VERSION = 4.0;
				TARGET_NAME = POSIX;
			};
			name = Release;
		};
		OBJ_239 /* Debug */ = {
			isa = XCBuildConfiguration;
			buildSettings = {
				ENABLE_TESTABILITY = YES;
				FRAMEWORK_SEARCH_PATHS = (
					"$(inherited)",
					"$(PLATFORM_DIR)/Developer/Library/Frameworks",
				);
				HEADER_SEARCH_PATHS = (
					"$(inherited)",
					"$(SRCROOT)/.build/checkouts/swift-package-manager.git-6645158280781904807/Sources/clibc/include",
				);
				INFOPLIST_FILE = NeedleTools.xcodeproj/SPMLibc_Info.plist;
				LD_RUNPATH_SEARCH_PATHS = "$(inherited) $(TOOLCHAIN_DIR)/usr/lib/swift/macosx";
				OTHER_CFLAGS = "$(inherited)";
				OTHER_LDFLAGS = "$(inherited)";
				OTHER_SWIFT_FLAGS = "$(inherited) -Xcc -fmodule-map-file=$(SRCROOT)/.build/checkouts/swift-package-manager.git-6645158280781904807/Sources/clibc/include/module.modulemap";
				PRODUCT_BUNDLE_IDENTIFIER = SPMLibc;
				PRODUCT_MODULE_NAME = "$(TARGET_NAME:c99extidentifier)";
				PRODUCT_NAME = "$(TARGET_NAME:c99extidentifier)";
				SKIP_INSTALL = YES;
				SWIFT_ACTIVE_COMPILATION_CONDITIONS = "$(inherited)";
				SWIFT_VERSION = 4.0;
				TARGET_NAME = SPMLibc;
			};
			name = Debug;
		};
		OBJ_240 /* Release */ = {
			isa = XCBuildConfiguration;
			buildSettings = {
				ENABLE_TESTABILITY = YES;
				FRAMEWORK_SEARCH_PATHS = (
					"$(inherited)",
					"$(PLATFORM_DIR)/Developer/Library/Frameworks",
				);
				HEADER_SEARCH_PATHS = (
					"$(inherited)",
					"$(SRCROOT)/.build/checkouts/swift-package-manager.git-6645158280781904807/Sources/clibc/include",
				);
				INFOPLIST_FILE = NeedleTools.xcodeproj/SPMLibc_Info.plist;
				LD_RUNPATH_SEARCH_PATHS = "$(inherited) $(TOOLCHAIN_DIR)/usr/lib/swift/macosx";
				OTHER_CFLAGS = "$(inherited)";
				OTHER_LDFLAGS = "$(inherited)";
				OTHER_SWIFT_FLAGS = "$(inherited) -Xcc -fmodule-map-file=$(SRCROOT)/.build/checkouts/swift-package-manager.git-6645158280781904807/Sources/clibc/include/module.modulemap";
				PRODUCT_BUNDLE_IDENTIFIER = SPMLibc;
				PRODUCT_MODULE_NAME = "$(TARGET_NAME:c99extidentifier)";
				PRODUCT_NAME = "$(TARGET_NAME:c99extidentifier)";
				SKIP_INSTALL = YES;
				SWIFT_ACTIVE_COMPILATION_CONDITIONS = "$(inherited)";
				SWIFT_VERSION = 4.0;
				TARGET_NAME = SPMLibc;
			};
			name = Release;
		};
		OBJ_248 /* Debug */ = {
			isa = XCBuildConfiguration;
			buildSettings = {
				LD = /usr/bin/true;
				OTHER_SWIFT_FLAGS = "-swift-version 4 -I $(TOOLCHAIN_DIR)/usr/lib/swift/pm/4 -target x86_64-apple-macosx10.10 -sdk /Applications/Xcode.10.0.0.10A255.app/Contents/Developer/Platforms/MacOSX.platform/Developer/SDKs/MacOSX10.14.sdk";
				SWIFT_VERSION = 4.0;
			};
			name = Debug;
		};
		OBJ_249 /* Release */ = {
			isa = XCBuildConfiguration;
			buildSettings = {
				LD = /usr/bin/true;
				OTHER_SWIFT_FLAGS = "-swift-version 4 -I $(TOOLCHAIN_DIR)/usr/lib/swift/pm/4 -target x86_64-apple-macosx10.10 -sdk /Applications/Xcode.10.0.0.10A255.app/Contents/Developer/Platforms/MacOSX.platform/Developer/SDKs/MacOSX10.14.sdk";
				SWIFT_VERSION = 4.0;
			};
			name = Release;
		};
		OBJ_254 /* Debug */ = {
			isa = XCBuildConfiguration;
			buildSettings = {
				ENABLE_TESTABILITY = YES;
				FRAMEWORK_SEARCH_PATHS = (
					"$(inherited)",
					"$(PLATFORM_DIR)/Developer/Library/Frameworks",
				);
				HEADER_SEARCH_PATHS = (
					"$(inherited)",
					"$(SRCROOT)/.build/checkouts/swift-package-manager.git-6645158280781904807/Sources/clibc/include",
				);
				INFOPLIST_FILE = NeedleTools.xcodeproj/Utility_Info.plist;
				LD_RUNPATH_SEARCH_PATHS = "$(inherited) $(TOOLCHAIN_DIR)/usr/lib/swift/macosx";
				OTHER_CFLAGS = "$(inherited)";
				OTHER_LDFLAGS = "$(inherited)";
				OTHER_SWIFT_FLAGS = "$(inherited) -Xcc -fmodule-map-file=$(SRCROOT)/.build/checkouts/swift-package-manager.git-6645158280781904807/Sources/clibc/include/module.modulemap";
				PRODUCT_BUNDLE_IDENTIFIER = Utility;
				PRODUCT_MODULE_NAME = "$(TARGET_NAME:c99extidentifier)";
				PRODUCT_NAME = "$(TARGET_NAME:c99extidentifier)";
				SKIP_INSTALL = YES;
				SWIFT_ACTIVE_COMPILATION_CONDITIONS = "$(inherited)";
				SWIFT_VERSION = 4.0;
				TARGET_NAME = Utility;
			};
			name = Debug;
		};
		OBJ_255 /* Release */ = {
			isa = XCBuildConfiguration;
			buildSettings = {
				ENABLE_TESTABILITY = YES;
				FRAMEWORK_SEARCH_PATHS = (
					"$(inherited)",
					"$(PLATFORM_DIR)/Developer/Library/Frameworks",
				);
				HEADER_SEARCH_PATHS = (
					"$(inherited)",
					"$(SRCROOT)/.build/checkouts/swift-package-manager.git-6645158280781904807/Sources/clibc/include",
				);
				INFOPLIST_FILE = NeedleTools.xcodeproj/Utility_Info.plist;
				LD_RUNPATH_SEARCH_PATHS = "$(inherited) $(TOOLCHAIN_DIR)/usr/lib/swift/macosx";
				OTHER_CFLAGS = "$(inherited)";
				OTHER_LDFLAGS = "$(inherited)";
				OTHER_SWIFT_FLAGS = "$(inherited) -Xcc -fmodule-map-file=$(SRCROOT)/.build/checkouts/swift-package-manager.git-6645158280781904807/Sources/clibc/include/module.modulemap";
				PRODUCT_BUNDLE_IDENTIFIER = Utility;
				PRODUCT_MODULE_NAME = "$(TARGET_NAME:c99extidentifier)";
				PRODUCT_NAME = "$(TARGET_NAME:c99extidentifier)";
				SKIP_INSTALL = YES;
				SWIFT_ACTIVE_COMPILATION_CONDITIONS = "$(inherited)";
				SWIFT_VERSION = 4.0;
				TARGET_NAME = Utility;
			};
			name = Release;
		};
		OBJ_286 /* Debug */ = {
			isa = XCBuildConfiguration;
			buildSettings = {
				DEFINES_MODULE = NO;
				ENABLE_TESTABILITY = YES;
				FRAMEWORK_SEARCH_PATHS = (
					"$(inherited)",
					"$(PLATFORM_DIR)/Developer/Library/Frameworks",
				);
				HEADER_SEARCH_PATHS = (
					"$(inherited)",
					"$(SRCROOT)/.build/checkouts/swift-package-manager.git-6645158280781904807/Sources/clibc/include",
				);
				INFOPLIST_FILE = NeedleTools.xcodeproj/clibc_Info.plist;
				LD_RUNPATH_SEARCH_PATHS = "$(inherited) $(TOOLCHAIN_DIR)/usr/lib/swift/macosx";
				OTHER_CFLAGS = "$(inherited)";
				OTHER_LDFLAGS = "$(inherited)";
				OTHER_SWIFT_FLAGS = "$(inherited)";
				PRODUCT_BUNDLE_IDENTIFIER = clibc;
				PRODUCT_MODULE_NAME = "$(TARGET_NAME:c99extidentifier)";
				PRODUCT_NAME = "$(TARGET_NAME:c99extidentifier)";
				SKIP_INSTALL = YES;
				SWIFT_ACTIVE_COMPILATION_CONDITIONS = "$(inherited)";
				TARGET_NAME = clibc;
			};
			name = Debug;
		};
		OBJ_287 /* Release */ = {
			isa = XCBuildConfiguration;
			buildSettings = {
				DEFINES_MODULE = NO;
				ENABLE_TESTABILITY = YES;
				FRAMEWORK_SEARCH_PATHS = (
					"$(inherited)",
					"$(PLATFORM_DIR)/Developer/Library/Frameworks",
				);
				HEADER_SEARCH_PATHS = (
					"$(inherited)",
					"$(SRCROOT)/.build/checkouts/swift-package-manager.git-6645158280781904807/Sources/clibc/include",
				);
				INFOPLIST_FILE = NeedleTools.xcodeproj/clibc_Info.plist;
				LD_RUNPATH_SEARCH_PATHS = "$(inherited) $(TOOLCHAIN_DIR)/usr/lib/swift/macosx";
				OTHER_CFLAGS = "$(inherited)";
				OTHER_LDFLAGS = "$(inherited)";
				OTHER_SWIFT_FLAGS = "$(inherited)";
				PRODUCT_BUNDLE_IDENTIFIER = clibc;
				PRODUCT_MODULE_NAME = "$(TARGET_NAME:c99extidentifier)";
				PRODUCT_NAME = "$(TARGET_NAME:c99extidentifier)";
				SKIP_INSTALL = YES;
				SWIFT_ACTIVE_COMPILATION_CONDITIONS = "$(inherited)";
				TARGET_NAME = clibc;
			};
			name = Release;
		};
		OBJ_293 /* Debug */ = {
			isa = XCBuildConfiguration;
			buildSettings = {
				FRAMEWORK_SEARCH_PATHS = (
					"$(inherited)",
					"$(PLATFORM_DIR)/Developer/Library/Frameworks",
					"$(PROJECT_DIR)/Carthage/Build/Mac",
				);
				HEADER_SEARCH_PATHS = (
					"$(inherited)",
					"$(SRCROOT)/.build/checkouts/swift-package-manager.git-6645158280781904807/Sources/clibc/include",
				);
				INFOPLIST_FILE = NeedleTools.xcodeproj/needletools_Info.plist;
				LD_RUNPATH_SEARCH_PATHS = "$(inherited) $(TOOLCHAIN_DIR)/usr/lib/swift/macosx @executable_path";
				OTHER_CFLAGS = "$(inherited)";
				OTHER_LDFLAGS = "$(inherited)";
				OTHER_SWIFT_FLAGS = "$(inherited) -Xcc -fmodule-map-file=$(SRCROOT)/.build/checkouts/swift-package-manager.git-6645158280781904807/Sources/clibc/include/module.modulemap";
				SWIFT_ACTIVE_COMPILATION_CONDITIONS = "$(inherited)";
				SWIFT_FORCE_DYNAMIC_LINK_STDLIB = YES;
				SWIFT_FORCE_STATIC_LINK_STDLIB = NO;
				SWIFT_VERSION = 4.0;
				TARGET_NAME = needletools;
			};
			name = Debug;
		};
		OBJ_294 /* Release */ = {
			isa = XCBuildConfiguration;
			buildSettings = {
				FRAMEWORK_SEARCH_PATHS = (
					"$(inherited)",
					"$(PLATFORM_DIR)/Developer/Library/Frameworks",
					"$(PROJECT_DIR)/Carthage/Build/Mac",
				);
				HEADER_SEARCH_PATHS = (
					"$(inherited)",
					"$(SRCROOT)/.build/checkouts/swift-package-manager.git-6645158280781904807/Sources/clibc/include",
				);
				INFOPLIST_FILE = NeedleTools.xcodeproj/needletools_Info.plist;
				LD_RUNPATH_SEARCH_PATHS = "$(inherited) $(TOOLCHAIN_DIR)/usr/lib/swift/macosx @executable_path";
				OTHER_CFLAGS = "$(inherited)";
				OTHER_LDFLAGS = "$(inherited)";
				OTHER_SWIFT_FLAGS = "$(inherited) -Xcc -fmodule-map-file=$(SRCROOT)/.build/checkouts/swift-package-manager.git-6645158280781904807/Sources/clibc/include/module.modulemap";
				SWIFT_ACTIVE_COMPILATION_CONDITIONS = "$(inherited)";
				SWIFT_FORCE_DYNAMIC_LINK_STDLIB = YES;
				SWIFT_FORCE_STATIC_LINK_STDLIB = NO;
				SWIFT_VERSION = 4.0;
				TARGET_NAME = needletools;
			};
			name = Release;
		};
		OBJ_3 /* Debug */ = {
			isa = XCBuildConfiguration;
			buildSettings = {
				CLANG_ENABLE_OBJC_ARC = YES;
				COMBINE_HIDPI_IMAGES = YES;
				COPY_PHASE_STRIP = NO;
				DEBUG_INFORMATION_FORMAT = dwarf;
				DYLIB_INSTALL_NAME_BASE = "@rpath";
				ENABLE_NS_ASSERTIONS = YES;
				GCC_OPTIMIZATION_LEVEL = 0;
				GCC_PREPROCESSOR_DEFINITIONS = (
					"DEBUG=1",
					"$(inherited)",
				);
				MACOSX_DEPLOYMENT_TARGET = 10.10;
				ONLY_ACTIVE_ARCH = YES;
				OTHER_SWIFT_FLAGS = "-DXcode";
				PRODUCT_NAME = "$(TARGET_NAME)";
				SDKROOT = macosx;
				SUPPORTED_PLATFORMS = "macosx iphoneos iphonesimulator appletvos appletvsimulator watchos watchsimulator";
				SWIFT_ACTIVE_COMPILATION_CONDITIONS = "SWIFT_PACKAGE DEBUG";
				SWIFT_OPTIMIZATION_LEVEL = "-Onone";
				USE_HEADERMAP = NO;
			};
			name = Debug;
		};
		OBJ_4 /* Release */ = {
			isa = XCBuildConfiguration;
			buildSettings = {
				CLANG_ENABLE_OBJC_ARC = YES;
				COMBINE_HIDPI_IMAGES = YES;
				COPY_PHASE_STRIP = YES;
				DEBUG_INFORMATION_FORMAT = "dwarf-with-dsym";
				DYLIB_INSTALL_NAME_BASE = "@rpath";
				GCC_OPTIMIZATION_LEVEL = s;
				MACOSX_DEPLOYMENT_TARGET = 10.10;
				OTHER_SWIFT_FLAGS = "-DXcode";
				PRODUCT_NAME = "$(TARGET_NAME)";
				SDKROOT = macosx;
				SUPPORTED_PLATFORMS = "macosx iphoneos iphonesimulator appletvos appletvsimulator watchos watchsimulator";
				SWIFT_ACTIVE_COMPILATION_CONDITIONS = SWIFT_PACKAGE;
				SWIFT_OPTIMIZATION_LEVEL = "-Owholemodule";
				USE_HEADERMAP = NO;
			};
			name = Release;
		};
/* End XCBuildConfiguration section */

/* Begin XCConfigurationList section */
		OBJ_140 /* Build configuration list for PBXNativeTarget "Basic" */ = {
			isa = XCConfigurationList;
			buildConfigurations = (
				OBJ_141 /* Debug */,
				OBJ_142 /* Release */,
			);
			defaultConfigurationIsVisible = 0;
			defaultConfigurationName = Release;
		};
		OBJ_193 /* Build configuration list for PBXNativeTarget "Concurrency" */ = {
			isa = XCConfigurationList;
			buildConfigurations = (
				OBJ_194 /* Debug */,
				OBJ_195 /* Release */,
			);
			defaultConfigurationIsVisible = 0;
			defaultConfigurationName = Release;
		};
		OBJ_2 /* Build configuration list for PBXProject "NeedleTools" */ = {
			isa = XCConfigurationList;
			buildConfigurations = (
				OBJ_3 /* Debug */,
				OBJ_4 /* Release */,
			);
			defaultConfigurationIsVisible = 0;
			defaultConfigurationName = Release;
		};
		OBJ_207 /* Build configuration list for PBXNativeTarget "ConcurrencyPackageDescription" */ = {
			isa = XCConfigurationList;
			buildConfigurations = (
				OBJ_208 /* Debug */,
				OBJ_209 /* Release */,
			);
			defaultConfigurationIsVisible = 0;
			defaultConfigurationName = Release;
		};
		OBJ_213 /* Build configuration list for PBXNativeTarget "NeedleToolsPackageDescription" */ = {
			isa = XCConfigurationList;
			buildConfigurations = (
				OBJ_214 /* Debug */,
				OBJ_215 /* Release */,
			);
			defaultConfigurationIsVisible = 0;
			defaultConfigurationName = Release;
		};
		OBJ_218 /* Build configuration list for PBXNativeTarget "POSIX" */ = {
			isa = XCConfigurationList;
			buildConfigurations = (
				OBJ_219 /* Debug */,
				OBJ_220 /* Release */,
			);
			defaultConfigurationIsVisible = 0;
			defaultConfigurationName = Release;
		};
		OBJ_238 /* Build configuration list for PBXNativeTarget "SPMLibc" */ = {
			isa = XCConfigurationList;
			buildConfigurations = (
				OBJ_239 /* Debug */,
				OBJ_240 /* Release */,
			);
			defaultConfigurationIsVisible = 0;
			defaultConfigurationName = Release;
		};
		OBJ_247 /* Build configuration list for PBXNativeTarget "SwiftPMPackageDescription" */ = {
			isa = XCConfigurationList;
			buildConfigurations = (
				OBJ_248 /* Debug */,
				OBJ_249 /* Release */,
			);
			defaultConfigurationIsVisible = 0;
			defaultConfigurationName = Release;
		};
		OBJ_253 /* Build configuration list for PBXNativeTarget "Utility" */ = {
			isa = XCConfigurationList;
			buildConfigurations = (
				OBJ_254 /* Debug */,
				OBJ_255 /* Release */,
			);
			defaultConfigurationIsVisible = 0;
			defaultConfigurationName = Release;
		};
		OBJ_285 /* Build configuration list for PBXNativeTarget "clibc" */ = {
			isa = XCConfigurationList;
			buildConfigurations = (
				OBJ_286 /* Debug */,
				OBJ_287 /* Release */,
			);
			defaultConfigurationIsVisible = 0;
			defaultConfigurationName = Release;
		};
		OBJ_292 /* Build configuration list for PBXNativeTarget "needletools" */ = {
			isa = XCConfigurationList;
			buildConfigurations = (
				OBJ_293 /* Debug */,
				OBJ_294 /* Release */,
			);
			defaultConfigurationIsVisible = 0;
			defaultConfigurationName = Release;
		};
/* End XCConfigurationList section */
	};
	rootObject = OBJ_1 /* Project object */;
}
